version = 1
revision = 3
requires-python = ">=3.10"

[[package]]
name = "aiocoap"
version = "0.4.17"
source = { registry = "https://pypi.org/simple" }
sdist = { url = "https://files.pythonhosted.org/packages/1d/7c/10483df04d7910e21d55d47ab7c014fb02644b5b58ba741161360f8e9e8d/aiocoap-0.4.17.tar.gz", hash = "sha256:464c8d2b85ec1ef435dabeaa3fb6c8256b40fadfe6ce4ca83b93acb8d555f436", size = 313536, upload-time = "2025-11-05T01:25:36.641Z" }
wheels = [
    { url = "https://files.pythonhosted.org/packages/6c/43/aa24717e6a12dd00e0a9bee405ef8d3b9643edac23876e949f23f46b55ff/aiocoap-0.4.17-py3-none-any.whl", hash = "sha256:9f8f5f09e8f2666b635d7f9c45db5d1d0e38d41479b2d83878678a9cdb5a8f3c", size = 247391, upload-time = "2025-11-05T01:25:34.704Z" },
]

[[package]]
name = "aiofiles"
version = "25.1.0"
source = { registry = "https://pypi.org/simple" }
sdist = { url = "https://files.pythonhosted.org/packages/41/c3/534eac40372d8ee36ef40df62ec129bee4fdb5ad9706e58a29be53b2c970/aiofiles-25.1.0.tar.gz", hash = "sha256:a8d728f0a29de45dc521f18f07297428d56992a742f0cd2701ba86e44d23d5b2", size = 46354, upload-time = "2025-10-09T20:51:04.358Z" }
wheels = [
    { url = "https://files.pythonhosted.org/packages/bc/8a/340a1555ae33d7354dbca4faa54948d76d89a27ceef032c8c3bc661d003e/aiofiles-25.1.0-py3-none-any.whl", hash = "sha256:abe311e527c862958650f9438e859c1fa7568a141b22abcd015e120e86a85695", size = 14668, upload-time = "2025-10-09T20:51:03.174Z" },
]

[[package]]
name = "borneoiot"
version = "0.4.14"
source = { editable = "." }
dependencies = [
    { name = "aiocoap" },
    { name = "aiofiles" },
    { name = "cbor2" },
    { name = "typing-extensions" },
    { name = "zeroconf" },
]

[package.metadata]
requires-dist = [
    { name = "aiocoap", specifier = ">=0.4.12" },
    { name = "aiofiles" },
    { name = "cbor2", specifier = ">=5.9.0" },
    { name = "typing-extensions", specifier = ">=4.3.0" },
    { name = "zeroconf", specifier = "==0.149.12" },
]

[[package]]
name = "cbor2"
version = "6.0.1"
source = { registry = "https://pypi.org/simple" }
sdist = { url = "https://files.pythonhosted.org/packages/3e/fe/5d7f37d51ec21cccf9ae14a42a674907b8385779e639482f83c6eff1bcee/cbor2-6.0.1.tar.gz", hash = "sha256:46a745c296ec336fe83fa7905b77b4faa243eb32bb84fab1cfdb0e4636d1985b", size = 84191, upload-time = "2026-04-28T21:23:37.629Z" }
wheels = [
    { url = "https://files.pythonhosted.org/packages/a3/2e/80711ed51bc703d91650bf0bb01d0901a136df1bd46f6c5acce757f45628/cbor2-6.0.1-cp310-cp310-macosx_11_0_arm64.whl", hash = "sha256:e08983e898c9ed663d896bd3c9b70b79d220976b077ee6407614ad8bb742a9c5", size = 401847, upload-time = "2026-04-28T21:22:31.221Z" },
    { url = "https://files.pythonhosted.org/packages/07/5d/1ee9433098a282457dcb4342c3de1493a195b0f155493bd0e3c58bdd856f/cbor2-6.0.1-cp310-cp310-manylinux_2_28_aarch64.whl", hash = "sha256:68448f04972484cd6edb50a816198ed3a7ccc1cbbcceab90e4e6ac04abc68a84", size = 448992, upload-time = "2026-04-28T21:22:33.043Z" },
    { url = "https://files.pythonhosted.org/packages/4f/98/696741927f550c39d749c01f2b326d936f7d4b625049e9bd447d0737b836/cbor2-6.0.1-cp310-cp310-manylinux_2_28_x86_64.whl", hash = "sha256:0c019daa823c46edf111aea7e600cc4de5825695c0088b35bb1388bd2ea9734b", size = 459109, upload-time = "2026-04-28T21:22:34.754Z" },
    { url = "https://files.pythonhosted.org/packages/1f/99/2521f3180695e239c904dfe153987cdf51faeacf59d88845d653223b99ce/cbor2-6.0.1-cp310-cp310-musllinux_1_2_aarch64.whl", hash = "sha256:5edd913cfe8e3e25b2c9fff5fb3f519222212f751fc3cf7e4ef492146115c50e", size = 515180, upload-time = "2026-04-28T21:22:36.653Z" },
    { url = "https://files.pythonhosted.org/packages/03/ab/f460a518d0a5634100a9eace551b2f345bbfb322d238f89bdf43c5316ca5/cbor2-6.0.1-cp310-cp310-musllinux_1_2_x86_64.whl", hash = "sha256:3969d41449a42887a716a5b3ab3335fc6a9c67cb2e95164d0fd126641a1e96e6", size = 525486, upload-time = "2026-04-28T21:22:38.379Z" },
    { url = "https://files.pythonhosted.org/packages/b3/53/8723adacead95b4428fab81bd1d629e260129301eb1d0f82358c52560caa/cbor2-6.0.1-cp310-cp310-win_amd64.whl", hash = "sha256:16c6f9852630f687fbf3fe0565218844d92fd2a0bcad9babf041d8881d2022a1", size = 288714, upload-time = "2026-04-28T21:22:39.674Z" },
    { url = "https://files.pythonhosted.org/packages/5d/ce/522865bde8831819f28763f995b39fe67289ef99486c6254917e10304b67/cbor2-6.0.1-cp310-cp310-win_arm64.whl", hash = "sha256:6e06ce3f551979fbd3632df0f2062674f8aadc4231e84041f02f6e7155f149a9", size = 281087, upload-time = "2026-04-28T21:22:41.045Z" },
    { url = "https://files.pythonhosted.org/packages/32/7d/b2f9cd0c27bce0415a7dec71d0073e29b8e3f5bf45ea25f6874392c24add/cbor2-6.0.1-cp311-cp311-macosx_11_0_arm64.whl", hash = "sha256:4d8dba16aa67ca13aa85849c5cbe4a88a353d6ed28ca8c11afc2ad9bc96b7ea7", size = 401782, upload-time = "2026-04-28T21:22:42.383Z" },
    { url = "https://files.pythonhosted.org/packages/f2/24/0d42399c25cdf9310f7a980c52a178dcc4cc4cc2786d435601396875ed3a/cbor2-6.0.1-cp311-cp311-manylinux_2_28_aarch64.whl", hash = "sha256:3dfe0bf4dbd0e522d0446c5e544b5e43fcb23115996f556b7d02092fc07bb0a1", size = 447870, upload-time = "2026-04-28T21:22:43.886Z" },
    { url = "https://files.pythonhosted.org/packages/1f/66/fbbdf6924848f2c31632e6801c0b109216bacbc278ebb11c21ad4b312336/cbor2-6.0.1-cp311-cp311-manylinux_2_28_x86_64.whl", hash = "sha256:873ac665a1e8b3b9baa7d9384221917c828e8c72f670b2df887ed4a627367842", size = 458778, upload-time = "2026-04-28T21:22:45.582Z" },
    { url = "https://files.pythonhosted.org/packages/ce/79/183adadb623f88dd017caab8252a0750be97a0073d7ca3020101a315e636/cbor2-6.0.1-cp311-cp311-musllinux_1_2_aarch64.whl", hash = "sha256:36519c11fda756c466b70082ff912708e9c6a6f8d0858983935f287654c1e75a", size = 514018, upload-time = "2026-04-28T21:22:47.334Z" },
    { url = "https://files.pythonhosted.org/packages/37/47/9a3f2413100a68ec10416739bad2075e72f58e31c0ee51f59318cb86941b/cbor2-6.0.1-cp311-cp311-musllinux_1_2_x86_64.whl", hash = "sha256:d4659353f9ae454b1d2a3130f2690232c7bdb68f3d144558c4d8e0b5eb53691f", size = 525481, upload-time = "2026-04-28T21:22:48.95Z" },
    { url = "https://files.pythonhosted.org/packages/a8/e5/004946ebd82db48fc72cb18a0eea2f720de97dd3f5c7e87a5f2f716f1ed4/cbor2-6.0.1-cp311-cp311-win_amd64.whl", hash = "sha256:ce23169d812f37636dbf92af67460a4eee5c340c4b838b883e307ac1cde9f67e", size = 288765, upload-time = "2026-04-28T21:22:50.679Z" },
    { url = "https://files.pythonhosted.org/packages/58/48/f4a9250e17341341d6014cb45e9f5f01990fec00ebf32fd743c48dd99680/cbor2-6.0.1-cp311-cp311-win_arm64.whl", hash = "sha256:b7958d97f6d8646a336f035cfa7da74eccef4ce4295ae948e2f0f50210c2e8ee", size = 280895, upload-time = "2026-04-28T21:22:52.514Z" },
    { url = "https://files.pythonhosted.org/packages/ff/06/9bdbdf550f5bddb103efd0fa57023e73ec2339c8e1269a77191a5c5897d0/cbor2-6.0.1-cp312-cp312-macosx_11_0_arm64.whl", hash = "sha256:778746168f80403dcb5e0e85a16076967652aef74bf2d13f53ce3d150e9b8be7", size = 401250, upload-time = "2026-04-28T21:22:53.838Z" },
    { url = "https://files.pythonhosted.org/packages/fd/0b/8c2b44c7513c58f96a2ef9fed97e504f965ed5cc922f08c1edfe9a0aa808/cbor2-6.0.1-cp312-cp312-manylinux_2_28_aarch64.whl", hash = "sha256:82802f05ae595cfe451ab6a15948b20445a411fb83ef8568591577f6b91313aa", size = 445322, upload-time = "2026-04-28T21:22:55.537Z" },
    { url = "https://files.pythonhosted.org/packages/f9/6c/2c1d9a26bac69b9c97530e342a49c2d8a2fc0aa9e253c5645f074afa17d6/cbor2-6.0.1-cp312-cp312-manylinux_2_28_x86_64.whl", hash = "sha256:65f0dc88cbd2cc252c31212b0bac3d10ae8e94db5e476a662022593cdd3cc56a", size = 456460, upload-time = "2026-04-28T21:22:57.021Z" },
    { url = "https://files.pythonhosted.org/packages/19/c1/feacc2e1278ef708787d61c5e670288353e68dc3a023246d57764e03f373/cbor2-6.0.1-cp312-cp312-musllinux_1_2_aarch64.whl", hash = "sha256:10f0376763ce8913c1a5b9f21c51ca55848ed16795bd2b80860d56ed944374ab", size = 511095, upload-time = "2026-04-28T21:22:59.58Z" },
    { url = "https://files.pythonhosted.org/packages/2b/2e/8c4b5d9d53ca3750ce19878e40be3a7628d7e6e4fb303456ed7c3fc03155/cbor2-6.0.1-cp312-cp312-musllinux_1_2_x86_64.whl", hash = "sha256:83d2b27908f8697041cee46af54ab684e9dd6e9710d70d31dc50e89cc908433d", size = 524005, upload-time = "2026-04-28T21:23:01.284Z" },
    { url = "https://files.pythonhosted.org/packages/e3/36/786ec690daad8d8574a2bf94e6532e39936bbad1d576f2225102298084d1/cbor2-6.0.1-cp312-cp312-win_amd64.whl", hash = "sha256:4d324878156075778da61f9d4a09e6c4306493964f24f8fd92b43d97e99eac10", size = 288302, upload-time = "2026-04-28T21:23:03.081Z" },
    { url = "https://files.pythonhosted.org/packages/97/64/757b3cede871c52af6e26d713546048953d66db60c8840e5a2434a412e70/cbor2-6.0.1-cp312-cp312-win_arm64.whl", hash = "sha256:3e8eaee64cd09d67a413e1fc758750e9e9c15cdb677a725163da834b981552ec", size = 277907, upload-time = "2026-04-28T21:23:04.518Z" },
    { url = "https://files.pythonhosted.org/packages/08/ee/d11300317773bc8e85e23f59fc71c732ba1176d059341588318cab81f501/cbor2-6.0.1-cp313-cp313-macosx_11_0_arm64.whl", hash = "sha256:067d23ac75bfa35bed0e795169139259dc9d9bae503c8ede29740f99b37415f3", size = 400366, upload-time = "2026-04-28T21:23:06.234Z" },
    { url = "https://files.pythonhosted.org/packages/fb/be/0bc836d8259333277fc532d13197238b7c097e83c8ee3df13e8c5e418ec1/cbor2-6.0.1-cp313-cp313-manylinux_2_28_aarch64.whl", hash = "sha256:5df6d0cd72c62dfb300facd6ccb982214fe3376b69f393d0d271e4436fd7b624", size = 444682, upload-time = "2026-04-28T21:23:07.494Z" },
    { url = "https://files.pythonhosted.org/packages/8f/d0/3ffca18a38f0d8b6b1a6649d1245b876f5cf4cf9be3f5b2d19717b227af8/cbor2-6.0.1-cp313-cp313-manylinux_2_28_x86_64.whl", hash = "sha256:50ebae27b72061c8baf3cd8458c3eb2de7c112d0be77af24e8c4206a2b0e7b61", size = 454983, upload-time = "2026-04-28T21:23:09.115Z" },
    { url = "https://files.pythonhosted.org/packages/73/95/bc054345ef594a6ac92398a453f5e4ec7f45faaf6f18aff61d06fc9bc0c6/cbor2-6.0.1-cp313-cp313-musllinux_1_2_aarch64.whl", hash = "sha256:c1cfab10d65989cd79c203a00b5460feb6f34c519714779a77ccfb772704ff4b", size = 510410, upload-time = "2026-04-28T21:23:10.96Z" },
    { url = "https://files.pythonhosted.org/packages/13/27/47bfc56a269d83713f69166dcadfba6890ff87cdae787c11bcd924d369f8/cbor2-6.0.1-cp313-cp313-musllinux_1_2_x86_64.whl", hash = "sha256:df1e47d7dfb335ee82cd6593db111e6ca12d2c370a08a94d3622b4c08fda3b69", size = 522764, upload-time = "2026-04-28T21:23:12.376Z" },
    { url = "https://files.pythonhosted.org/packages/9f/3e/c86f51bc78c211bcf685485a8c888713d714ebd64192435a45b68bef2b0b/cbor2-6.0.1-cp313-cp313-win_amd64.whl", hash = "sha256:897f6fe58d1522608b6b71a7aa964f31c40deed5fff2d00511233bacb396dded", size = 287646, upload-time = "2026-04-28T21:23:13.799Z" },
    { url = "https://files.pythonhosted.org/packages/97/e9/4670d40a86ae74b0afcb976e346d5429d745b6780a0407143346b4dab408/cbor2-6.0.1-cp313-cp313-win_arm64.whl", hash = "sha256:80765e22c387fb489102ed751f5706fc184c9cdb34257df3dab4d393564b00e6", size = 276903, upload-time = "2026-04-28T21:23:15.398Z" },
    { url = "https://files.pythonhosted.org/packages/d1/b6/bf11bd69c8cb4b909caa1e098f8d29aab62694a1126ecace29e57e63fc1d/cbor2-6.0.1-cp314-cp314-macosx_11_0_arm64.whl", hash = "sha256:67aa9514b08163de9c180d2a2bcf3f3a050d2a2ef9ca9bb8cc8b3a7bd4e6599d", size = 399070, upload-time = "2026-04-28T21:23:16.638Z" },
    { url = "https://files.pythonhosted.org/packages/66/16/84b689706815f45a702c90043260f3588b6c75c188e0a6d47ff8b0d98b4e/cbor2-6.0.1-cp314-cp314-manylinux_2_28_aarch64.whl", hash = "sha256:f173a5d6a686006c9edaeee5aab1356be2cba86c3af15b592e5cf8749831dcaf", size = 444127, upload-time = "2026-04-28T21:23:18.002Z" },
    { url = "https://files.pythonhosted.org/packages/f2/93/a7ff418ae1dc40ea06093550c5a6a7c20df602d4a75bd17f11b83c8344c3/cbor2-6.0.1-cp314-cp314-manylinux_2_28_x86_64.whl", hash = "sha256:1eedb7bda2a528149ff95345e383c2f97104800debc9ef6f0cd693b46b0df4ff", size = 454497, upload-time = "2026-04-28T21:23:20.04Z" },
    { url = "https://files.pythonhosted.org/packages/74/43/ea1c74b37b3ebb27567521e74f8c4d4dfdf30d65c0e26934a1717e5de4e0/cbor2-6.0.1-cp314-cp314-musllinux_1_2_aarch64.whl", hash = "sha256:ead214c6d4b4a6b20213c3a4a0e93a565acedbaa367f793cf5bf19936365fa46", size = 509875, upload-time = "2026-04-28T21:23:21.785Z" },
    { url = "https://files.pythonhosted.org/packages/09/f0/4e2b87da1819d420e8a5b90e1e5cba000e241468b1967e7c695647835236/cbor2-6.0.1-cp314-cp314-musllinux_1_2_x86_64.whl", hash = "sha256:d177965364ae29b7d8854a0d38f41e2aa3ef2a440a8fd28550413ea649715eb5", size = 521864, upload-time = "2026-04-28T21:23:23.047Z" },
    { url = "https://files.pythonhosted.org/packages/ed/a2/210c0adbf443cc09e05bb46ba74124a5cf61fac461d43dc83e23a2093e16/cbor2-6.0.1-cp314-cp314-win_amd64.whl", hash = "sha256:fd7f89d53aea0e7d12a08fc8366a5d7d532d7bdf253b042d1e4fd33398ca6f17", size = 295871, upload-time = "2026-04-28T21:23:24.497Z" },
    { url = "https://files.pythonhosted.org/packages/37/f4/409010a272ebb1ee7e7ddf4543b4d84d89dcf53c8d425db3c20dc2206e4c/cbor2-6.0.1-cp314-cp314-win_arm64.whl", hash = "sha256:6e8fca9f1860e81e7b78af9d5686380143a2474d6bf4dcae348219cd34013436", size = 286677, upload-time = "2026-04-28T21:23:25.933Z" },
    { url = "https://files.pythonhosted.org/packages/8f/3d/075bd398465bc9fce9a2ad45d4c146f0e9de927348ff2e44d814af4bc84a/cbor2-6.0.1-cp314-cp314t-macosx_11_0_arm64.whl", hash = "sha256:943e3824c51312f747b0b164fc4ae96c191eae40685e049b28c747158a8613d0", size = 394250, upload-time = "2026-04-28T21:23:27.648Z" },
    { url = "https://files.pythonhosted.org/packages/2a/3a/925f975f3dc2fd61cec1990e634a88ca041cb31dfde47d6d5a6df492fa4a/cbor2-6.0.1-cp314-cp314t-manylinux_2_28_aarch64.whl", hash = "sha256:f390b24279229499c93f2ba40031fb9dd03cd2fc0d1ae757116013398bb25bc4", size = 436871, upload-time = "2026-04-28T21:23:29.242Z" },
    { url = "https://files.pythonhosted.org/packages/34/19/4348be4671dd286a10adc1b5182210ddbb2087ed7cb619cf11515bc37721/cbor2-6.0.1-cp314-cp314t-manylinux_2_28_x86_64.whl", hash = "sha256:b8a3cf4a95b219eb10d72e31b6919f47a4928506ae95001e4384531bec5f787d", size = 449349, upload-time = "2026-04-28T21:23:30.66Z" },
    { url = "https://files.pythonhosted.org/packages/c7/0a/3398bfe315162f5871abb4fe8662f4906b963514dc1f2a0e5ddf5579705f/cbor2-6.0.1-cp314-cp314t-musllinux_1_2_aarch64.whl", hash = "sha256:77cf35c614be31c5e8be761328b57ef6aaf43a78301e7df10faa7a8c626d6910", size = 502398, upload-time = "2026-04-28T21:23:31.951Z" },
    { url = "https://files.pythonhosted.org/packages/3a/5d/a61bd7d1bb2df1988bd044352bddaa2cea5cf04a92176e957a7388872d04/cbor2-6.0.1-cp314-cp314t-musllinux_1_2_x86_64.whl", hash = "sha256:7d936d14307311d0284f7d448fab47a4d1e279305005ffa733411eb81e0b7d81", size = 516987, upload-time = "2026-04-28T21:23:33.311Z" },
    { url = "https://files.pythonhosted.org/packages/68/74/77c634d2b8aa3b0c10dd2edc28c4daf4d19b3ee7da3aa3f558397aaf4e38/cbor2-6.0.1-cp314-cp314t-win_amd64.whl", hash = "sha256:a4413d99d398858603be036016b59d21c1e6c3a4bb9d12fb9ccf4f8509afde05", size = 290210, upload-time = "2026-04-28T21:23:34.843Z" },
    { url = "https://files.pythonhosted.org/packages/e9/3a/347c49eb0c959a4342132de8b141af27733ddc873fdc84a17354cdb8bdab/cbor2-6.0.1-cp314-cp314t-win_arm64.whl", hash = "sha256:c6fcf7f406a5e5cda5e993d4dbd064b0cb22e84c9800966e2358a9172b3d4684", size = 278801, upload-time = "2026-04-28T21:23:36.35Z" },
]

[[package]]
name = "ifaddr"
version = "0.2.0"
source = { registry = "https://pypi.org/simple" }
sdist = { url = "https://files.pythonhosted.org/packages/e8/ac/fb4c578f4a3256561548cd825646680edcadb9440f3f68add95ade1eb791/ifaddr-0.2.0.tar.gz", hash = "sha256:cc0cbfcaabf765d44595825fb96a99bb12c79716b73b44330ea38ee2b0c4aed4", size = 10485, upload-time = "2022-06-15T21:40:27.561Z" }
wheels = [
    { url = "https://files.pythonhosted.org/packages/9c/1f/19ebc343cc71a7ffa78f17018535adc5cbdd87afb31d7c34874680148b32/ifaddr-0.2.0-py3-none-any.whl", hash = "sha256:085e0305cfe6f16ab12d72e2024030f5d52674afad6911bb1eee207177b8a748", size = 12314, upload-time = "2022-06-15T21:40:25.756Z" },
]

[[package]]
name = "typing-extensions"
version = "4.15.0"
source = { registry = "https://pypi.org/simple" }
sdist = { url = "https://files.pythonhosted.org/packages/72/94/1a15dd82efb362ac84269196e94cf00f187f7ed21c242792a923cdb1c61f/typing_extensions-4.15.0.tar.gz", hash = "sha256:0cea48d173cc12fa28ecabc3b837ea3cf6f38c6d1136f85cbaaf598984861466", size = 109391, upload-time = "2025-08-25T13:49:26.313Z" }
wheels = [
    { url = "https://files.pythonhosted.org/packages/18/67/36e9267722cc04a6b9f15c7f3441c2363321a3ea07da7ae0c0707beb2a9c/typing_extensions-4.15.0-py3-none-any.whl", hash = "sha256:f0fa19c6845758ab08074a0cfa8b7aecb71c999ca73d62883bc25cc018c4e548", size = 44614, upload-time = "2025-08-25T13:49:24.86Z" },
]

[[package]]
name = "zeroconf"
version = "0.149.12"
source = { registry = "https://pypi.org/simple" }
dependencies = [
    { name = "ifaddr" },
]
sdist = { url = "https://files.pythonhosted.org/packages/fe/5c/0288ea991e43dc6c5cdb5071a039eb045ce78deed385fb12de53ef3b8c4e/zeroconf-0.149.12.tar.gz", hash = "sha256:ed3f94c5f7cfaab70ab1f8e6d6268da8e6cba6f6745217e69ee4a210f82b1fdd", size = 190308, upload-time = "2026-05-20T15:09:08.536Z" }
wheels = [
    { url = "https://files.pythonhosted.org/packages/70/ec/be27b8c4673ca8abf71659b4ccfcd17c784b822ddb1fd8406528b4091687/zeroconf-0.149.12-cp310-cp310-macosx_11_0_arm64.whl", hash = "sha256:7d9d5c6c697604370496749504303494718ff121b810625ebb7447446c67f613", size = 1669498, upload-time = "2026-05-20T15:35:35.442Z" },
    { url = "https://files.pythonhosted.org/packages/b4/70/c8b85d6c5d2d94e14052d2e55eeb109a33a39c4dcf6822422a32a34d63b7/zeroconf-0.149.12-cp310-cp310-manylinux2014_aarch64.manylinux_2_17_aarch64.manylinux_2_28_aarch64.whl", hash = "sha256:0aa3bf5a081c47a8512a7bb2437346d1ff48b3187abacbcd915a8c9e75b5180f", size = 2148477, upload-time = "2026-05-20T15:35:38.746Z" },
    { url = "https://files.pythonhosted.org/packages/79/e7/113d96845d8ed875c31d331563d5d689dae89bd70ad7a0b0e724c7dbdb2d/zeroconf-0.149.12-cp310-cp310-manylinux2014_armv7l.manylinux_2_17_armv7l.manylinux_2_31_armv7l.whl", hash = "sha256:dcd5e33bc540edb59aee5f7dc05e42015a65f2088290b35849fad702bc2b096f", size = 1921948, upload-time = "2026-05-20T15:35:40.575Z" },
    { url = "https://files.pythonhosted.org/packages/b5/8e/cc5cb0916b4f997a7a6ee8f4076eca2b0f5db9c7cc6a179ea4dfd16cc5f1/zeroconf-0.149.12-cp310-cp310-manylinux2014_x86_64.manylinux_2_17_x86_64.manylinux_2_28_x86_64.whl", hash = "sha256:9a9796b09599b27ba41391181db69fd835db799b1d606286ea62838c82ca9180", size = 2233351, upload-time = "2026-05-20T15:35:42.755Z" },
    { url = "https://files.pythonhosted.org/packages/88/88/eece499746b63e15d5c4e41504e0e66d863f1ed3d4a39327b59222473b7d/zeroconf-0.149.12-cp310-cp310-manylinux_2_31_riscv64.manylinux_2_39_riscv64.whl", hash = "sha256:9cfae2a74a80c6be41529fe766be124f0ae8803baf8bc0b5ad8a9ef450d8351f", size = 2187543, upload-time = "2026-05-20T15:35:44.698Z" },
    { url = "https://files.pythonhosted.org/packages/cd/5d/606f4f071f0042ec884f257074feb1610fea4a991519759ee0457d40b753/zeroconf-0.149.12-cp310-cp310-musllinux_1_2_aarch64.whl", hash = "sha256:e6fffe34a57cefd3d3d4d36b2ecf7413ea648d40fbdb9deef8697a9c4eaf6762", size = 2175259, upload-time = "2026-05-20T15:35:46.865Z" },
    { url = "https://files.pythonhosted.org/packages/00/09/7c82f161f502d3039526fc302d102eb467e222f4a2bf554b88b320bc4092/zeroconf-0.149.12-cp310-cp310-musllinux_1_2_armv7l.whl", hash = "sha256:f528d9ac0681c8a4ab953d0250483bc9cb52d3754680bf8b116bc3a663ed8868", size = 1980610, upload-time = "2026-05-20T15:35:48.931Z" },
    { url = "https://files.pythonhosted.org/packages/84/6b/c3274e5fd4b5d72a3b8566e4c2247e0098fd34f3c5b5aaf33e59bf4ae669/zeroconf-0.149.12-cp310-cp310-musllinux_1_2_riscv64.whl", hash = "sha256:4fa749e31db0c039740f220c6c3f8252f1180ac3e372aba7d5aaa1b1fc97f46f", size = 2193109, upload-time = "2026-05-20T15:35:50.662Z" },
    { url = "https://files.pythonhosted.org/packages/4c/f4/720c388a69d1143c53ba857ba755095cc1ff3241724b6585469f54ad77b6/zeroconf-0.149.12-cp310-cp310-musllinux_1_2_x86_64.whl", hash = "sha256:02226ad8280e4fc6f5101e6cf240db4742b9fcd632e6d75ad82ebced5663f71c", size = 2254298, upload-time = "2026-05-20T15:35:52.394Z" },
    { url = "https://files.pythonhosted.org/packages/52/0e/1331d680bb94fc561a4ef626d420f984b61b1498f15006a0a45fe731c4ee/zeroconf-0.149.12-cp310-cp310-win32.whl", hash = "sha256:b54a132e5cf2c605962aa37d7baf22e5d716043f963b7ec557f28e46eef57984", size = 1277587, upload-time = "2026-05-20T15:35:54.146Z" },
    { url = "https://files.pythonhosted.org/packages/1a/56/c974cf3a6e03acf4d007c24d000df40d4d5b7d20fa26ccb9e58c8c485fc4/zeroconf-0.149.12-cp310-cp310-win_amd64.whl", hash = "sha256:6ec27b40a4c782e2af6e48808649c9870fbd3b5250ddadbd4ea505aed1a961f5", size = 1479004, upload-time = "2026-05-20T15:35:55.846Z" },
    { url = "https://files.pythonhosted.org/packages/fd/97/f65112db5eeed2119e9c0b00f473728deb81be9718cda91dd52e871216d6/zeroconf-0.149.12-cp311-cp311-macosx_11_0_arm64.whl", hash = "sha256:00d6a7cd5f72161ff1a823eb535520744f12bdec3b303e9ddbb0007d15ea0a86", size = 1664865, upload-time = "2026-05-20T15:35:57.626Z" },
    { url = "https://files.pythonhosted.org/packages/17/f3/a6b0c113da5a7af473b0d37a965bf2334b9e7c8fa4ea41eceeb7d48748c2/zeroconf-0.149.12-cp311-cp311-manylinux2014_aarch64.manylinux_2_17_aarch64.manylinux_2_28_aarch64.whl", hash = "sha256:6b14005e4441d1795522c5bc3c5595a7fd415be1793516fa2818c180fc7b7a3b", size = 2144247, upload-time = "2026-05-20T15:35:59.245Z" },
    { url = "https://files.pythonhosted.org/packages/94/2b/774cea65e9e6b268c5a558359d1011ba77f6b05269f20ede98f7bbbb3ad6/zeroconf-0.149.12-cp311-cp311-manylinux2014_armv7l.manylinux_2_17_armv7l.manylinux_2_31_armv7l.whl", hash = "sha256:6d36ac4613793fa76bbb0b84d25e4808a16327cc2d7c9a8c05ac33d4c4096e18", size = 1914333, upload-time = "2026-05-20T15:36:00.941Z" },
    { url = "https://files.pythonhosted.org/packages/2b/49/e9e29181e16c6812b6a796063d0e3d76dd7e0e67213494b79bf623341bba/zeroconf-0.149.12-cp311-cp311-manylinux2014_x86_64.manylinux_2_17_x86_64.manylinux_2_28_x86_64.whl", hash = "sha256:9795bae44e062708217d7e05802b1a2ebddddb7e94e16dd3da546353c8ea8d30", size = 2225711, upload-time = "2026-05-20T15:36:02.881Z" },
    { url = "https://files.pythonhosted.org/packages/a0/f6/90a4a2672a32eb46458e073b20a48566425a737f19ab588d9999ca7f463e/zeroconf-0.149.12-cp311-cp311-manylinux_2_31_riscv64.manylinux_2_39_riscv64.whl", hash = "sha256:863ad9accda55158b676395ca1832203496361a8fe9f8f014f4327c206d7d9ef", size = 2185321, upload-time = "2026-05-20T15:36:05.055Z" },
    { url = "https://files.pythonhosted.org/packages/6c/aa/39bbf172020e61c0893fd3026c14cb5fbf53cb87615b6636b77f5fcbbb96/zeroconf-0.149.12-cp311-cp311-musllinux_1_2_aarch64.whl", hash = "sha256:fbdc075c4d57b7d903500ffd0dda1dc9a9b3bb4635674ca32956fed5e4f92682", size = 2169839, upload-time = "2026-05-20T15:36:07.193Z" },
    { url = "https://files.pythonhosted.org/packages/dd/20/e27717a80376cfc48c3eeb3ee7ed584883a2845929bc83db7f6905fe5e54/zeroconf-0.149.12-cp311-cp311-musllinux_1_2_armv7l.whl", hash = "sha256:55c1cbd023f42f885749d6d200f0b0d05fef11f4fb7dc124c0ace12b63e53d2d", size = 1968437, upload-time = "2026-05-20T15:36:08.986Z" },
    { url = "https://files.pythonhosted.org/packages/b6/74/f81cbe65971c20245b042e2793223f009afd04d765eff4f14af98b740709/zeroconf-0.149.12-cp311-cp311-musllinux_1_2_riscv64.whl", hash = "sha256:29da2d162ac45d7b81724c2e1a514e34c0d96d9279e30eda2de8540afc034deb", size = 2190462, upload-time = "2026-05-20T15:36:10.715Z" },
    { url = "https://files.pythonhosted.org/packages/22/8e/0e11285a2c627f8915f916cc7e0458f4384b8ef22ac488ec6bb2adde3372/zeroconf-0.149.12-cp311-cp311-musllinux_1_2_x86_64.whl", hash = "sha256:34c6c94a96378219a76eff55cc4a4f72a45c80ef5cf419e97bb3cfcf5befd699", size = 2248017, upload-time = "2026-05-20T15:36:12.973Z" },
    { url = "https://files.pythonhosted.org/packages/d4/70/5d1d87324dd0bfc99045b5b8366295081c179eaa19bb4ff5fa580df94f87/zeroconf-0.149.12-cp311-cp311-win32.whl", hash = "sha256:8b581b91a7e26d9f90e0a4ae9292277c43f804ac5a7920c8849f1ae0c962570c", size = 1268776, upload-time = "2026-05-20T15:36:14.654Z" },
    { url = "https://files.pythonhosted.org/packages/8c/ff/7be85da909e450be3caf87632a1060984b6366103ab5c0c57dec7dff5429/zeroconf-0.149.12-cp311-cp311-win_amd64.whl", hash = "sha256:0e55184d4a86ec9f1e720b648a8b1450834e0fb42a1e19413e59257e55a5438a", size = 1480828, upload-time = "2026-05-20T15:36:16.281Z" },
    { url = "https://files.pythonhosted.org/packages/ec/6e/f5bcdd971b71334c9ef0bc3ae49deaeb4363202d060822a522b914501fc6/zeroconf-0.149.12-cp312-cp312-macosx_11_0_arm64.whl", hash = "sha256:6cdb6653c7e770668c1d08a6c95455e025bd209352ecb9f03d77e592670d4232", size = 1668414, upload-time = "2026-05-20T15:36:18.297Z" },
    { url = "https://files.pythonhosted.org/packages/e1/b9/22464f063fcad897b3b0ecbdc2e347ca30d2f4ee5f9d9c2d1e05d9e16bd0/zeroconf-0.149.12-cp312-cp312-manylinux2014_aarch64.manylinux_2_17_aarch64.manylinux_2_28_aarch64.whl", hash = "sha256:1fc24c352632a439a6233681b9989f38776c0bdc06468fbc48040ed3492ac073", size = 2067468, upload-time = "2026-05-20T15:36:20.256Z" },
    { url = "https://files.pythonhosted.org/packages/fd/08/404c1c1cf9326e85fbc59c0fd3ba70a0c3200596ec62563c7b1bab7ce4ca/zeroconf-0.149.12-cp312-cp312-manylinux2014_armv7l.manylinux_2_17_armv7l.manylinux_2_31_armv7l.whl", hash = "sha256:c264d16c254d079c0e9ac36ef5d44236f36461e41b8a44a745769f8942dbbc51", size = 1870674, upload-time = "2026-05-20T15:36:22.303Z" },
    { url = "https://files.pythonhosted.org/packages/c5/56/76787a5f510089b5691406bcc4cda9d392f15a2485159c975ac0be960605/zeroconf-0.149.12-cp312-cp312-manylinux2014_x86_64.manylinux_2_17_x86_64.manylinux_2_28_x86_64.whl", hash = "sha256:497b0d1a2961ab579d81143b173c4f26fecb1998b85bcdcc0f29219924395fb9", size = 2164098, upload-time = "2026-05-20T15:36:24.478Z" },
    { url = "https://files.pythonhosted.org/packages/1b/32/07ce739b82035354e8cb4c4f7677036da0c699dcf9b960229b5df93daa5e/zeroconf-0.149.12-cp312-cp312-manylinux_2_31_riscv64.manylinux_2_39_riscv64.whl", hash = "sha256:1dface509003a8c1ee5ef1eaa3c536da4aad0a5e88e4bfbdd12bf1cd72486fc8", size = 2099144, upload-time = "2026-05-20T15:36:26.621Z" },
    { url = "https://files.pythonhosted.org/packages/d3/5c/c27d568b6c9631a461539a361cc69faf9a71829c6abc8909e841e2bf7b10/zeroconf-0.149.12-cp312-cp312-musllinux_1_2_aarch64.whl", hash = "sha256:8e1ea8bc8ac83ec708eb9552fddf7dbc951567ce1485a093441b8149f43d39f6", size = 2091093, upload-time = "2026-05-20T15:36:28.513Z" },
    { url = "https://files.pythonhosted.org/packages/59/a3/267c4c406cc88436b8d5ebba2a2729a1f121e2e5b257b5ccea1eecb3cffc/zeroconf-0.149.12-cp312-cp312-musllinux_1_2_armv7l.whl", hash = "sha256:f6983ef3dd59b23756dc4499c70a0a844b60a35ca204370a2ccd9b0c9c452d47", size = 1957855, upload-time = "2026-05-20T15:36:30.583Z" },
    { url = "https://files.pythonhosted.org/packages/1f/81/35cf3be4c012bfddd8d1ede71c6b0cb2a9d6d066a6d76547064ac3b3ac89/zeroconf-0.149.12-cp312-cp312-musllinux_1_2_riscv64.whl", hash = "sha256:f2d7214888c2528cc46b635fbf3403186fae6796d3b9a85edb66ed45e993f3b5", size = 2104211, upload-time = "2026-05-20T15:36:32.352Z" },
    { url = "https://files.pythonhosted.org/packages/47/5d/bfe5b0d2d82e2f7fb2069927da9ea2e9c3ec0dd80d9652d88a1dcc13856b/zeroconf-0.149.12-cp312-cp312-musllinux_1_2_x86_64.whl", hash = "sha256:aa8b23e3e511fac250f0e608124bbf605af90ed11d1514e9ce5f353889e468a4", size = 2185577, upload-time = "2026-05-20T15:36:34.25Z" },
    { url = "https://files.pythonhosted.org/packages/d6/91/a622ec0a8ce10c211f5efaf57b4aea6acd085567d6fd43ad71201f3d24cd/zeroconf-0.149.12-cp312-cp312-win32.whl", hash = "sha256:4ea862a7f4b199ee332b44487b8b876fab4cd4b151d86b8ca18a3a353b72708c", size = 1261856, upload-time = "2026-05-20T15:36:36.377Z" },
    { url = "https://files.pythonhosted.org/packages/5a/56/4ee2ecc71a73fb98e06b655f06a1d96ffe605413f26400ef9e807dc293b9/zeroconf-0.149.12-cp312-cp312-win_amd64.whl", hash = "sha256:536868932f57261394821a2e75eda35a3d7223313406c31a7636a924bf5a385d", size = 1479126, upload-time = "2026-05-20T15:36:38.517Z" },
    { url = "https://files.pythonhosted.org/packages/ee/16/86473ed70518f18f4bb5f4f709028aacec96541643497bb237f48f94fb3b/zeroconf-0.149.12-cp313-cp313-macosx_11_0_arm64.whl", hash = "sha256:640a89e1206950f0cef81ffe2484d0d42b617e825b25a398fee053893a885a3c", size = 1655091, upload-time = "2026-05-20T15:36:41.211Z" },
    { url = "https://files.pythonhosted.org/packages/2c/c3/011b23172fb589fe17b8f0e126b59f5e5e74feff92209452b5f36a4f7646/zeroconf-0.149.12-cp313-cp313-manylinux2014_aarch64.manylinux_2_17_aarch64.manylinux_2_28_aarch64.whl", hash = "sha256:1ca46895c6ca519114c1475cab420989b2fb033475916028de2323295cc40aa7", size = 2061779, upload-time = "2026-05-20T15:36:43.668Z" },
    { url = "https://files.pythonhosted.org/packages/4a/5d/cae5d76a9950bc2f6c75893e9abf2a7f75d61c49230233c30de044091bf7/zeroconf-0.149.12-cp313-cp313-manylinux2014_armv7l.manylinux_2_17_armv7l.manylinux_2_31_armv7l.whl", hash = "sha256:685834a5b003b595c515568939f1bdf378400ca3f27d6e12a9d872a95e9672d3", size = 1868107, upload-time = "2026-05-20T15:36:45.809Z" },
    { url = "https://files.pythonhosted.org/packages/d5/1f/03ba7002ad424f6fe240eb009afcf0648ef3a76fe96465f3db36b5076cc4/zeroconf-0.149.12-cp313-cp313-manylinux2014_x86_64.manylinux_2_17_x86_64.manylinux_2_28_x86_64.whl", hash = "sha256:949e1cf52e1441b90b8bffff8094ff72287300422f63819d61c14d1f0d5882ab", size = 2160268, upload-time = "2026-05-20T15:36:48.109Z" },
    { url = "https://files.pythonhosted.org/packages/93/a6/6349ba78cd47f3882767f7d6e44dbd93cb18493f179a3622088b8580eb12/zeroconf-0.149.12-cp313-cp313-manylinux_2_31_riscv64.manylinux_2_39_riscv64.whl", hash = "sha256:a86db04134a30738468118e8e8674512b80a25394474e041c06e9e3f75dfdd95", size = 2095160, upload-time = "2026-05-20T15:36:50.088Z" },
    { url = "https://files.pythonhosted.org/packages/7f/22/10bcea519392df1e64803de8347a15b5891872d66f477c699bce7167c328/zeroconf-0.149.12-cp313-cp313-musllinux_1_2_aarch64.whl", hash = "sha256:d78306b0f603f17ee15cb63263cdc2d80e52f9e912a42e3e3051ddcb1d410a0c", size = 2090649, upload-time = "2026-05-20T15:36:51.975Z" },
    { url = "https://files.pythonhosted.org/packages/8e/48/caf84b85adcece1d205b97b08cc380db7299944de9d381f96d21e7664932/zeroconf-0.149.12-cp313-cp313-musllinux_1_2_armv7l.whl", hash = "sha256:44912f0a9fc61ae2a46130ffc6d37544701527a756f10cbd22e0f9ece6d4a83f", size = 1954796, upload-time = "2026-05-20T15:36:53.961Z" },
    { url = "https://files.pythonhosted.org/packages/a0/11/225626a45a9401bf5ffbb73db9c0a4ed6be480d25942d76e8f832eef7173/zeroconf-0.149.12-cp313-cp313-musllinux_1_2_riscv64.whl", hash = "sha256:5e592b49519b5b1a98f3ee674ecf418a7500af474a60d5999f7afe3744380722", size = 2107350, upload-time = "2026-05-20T15:36:56.496Z" },
    { url = "https://files.pythonhosted.org/packages/b2/01/ed26360bdb1bc18b4ca3d2cf525cb3b1a8c06f7440b65eeb5fbc4d49202e/zeroconf-0.149.12-cp313-cp313-musllinux_1_2_x86_64.whl", hash = "sha256:dd7cb8dfefc50853c2da832f8675f10fff8b348eed9b8f98d45653ecf2615ff4", size = 2183411, upload-time = "2026-05-20T15:36:58.698Z" },
    { url = "https://files.pythonhosted.org/packages/5a/37/06b845aced091783b4f2f576da1c695549530c88da55d959090413670652/zeroconf-0.149.12-cp313-cp313-win32.whl", hash = "sha256:b1aca5483f8ad2eb1bedb99e32b3a4c33d5186530f3672baa28559b119f6a1f4", size = 1261235, upload-time = "2026-05-20T15:37:00.876Z" },
    { url = "https://files.pythonhosted.org/packages/e9/79/41d0c94caf0c8bf1fe2391891c9e7fbb50e9a85855b1d8e984ff9626f3e6/zeroconf-0.149.12-cp313-cp313-win_amd64.whl", hash = "sha256:92e68b88396fb08bd0f4421680133f3ad9682093f2df23f337605f0d50978c7e", size = 1475803, upload-time = "2026-05-20T15:37:03.002Z" },
    { url = "https://files.pythonhosted.org/packages/b2/94/8420e3ca8241ffdeccd15f9ea58440d8aeb3c8284bfbdd84408527d1141a/zeroconf-0.149.12-cp314-cp314-macosx_11_0_arm64.whl", hash = "sha256:c390faf6293b2013ddfcee583973831293388b6c701116429fbb9c6ed3e6d8c3", size = 1671750, upload-time = "2026-05-20T15:37:05.116Z" },
    { url = "https://files.pythonhosted.org/packages/81/5b/991b160844ad5dcedf3466736a7e1a365f7f7f59eec8f1d355f299078f64/zeroconf-0.149.12-cp314-cp314-manylinux2014_aarch64.manylinux_2_17_aarch64.manylinux_2_28_aarch64.whl", hash = "sha256:78da3e014a0c874ca573e66931e976eaf0e485dfb10a5e944628bcbed84a7eb8", size = 2086060, upload-time = "2026-05-20T15:37:07.564Z" },
    { url = "https://files.pythonhosted.org/packages/b9/cf/f23ccd6cd4061327624ca8753d8892f3fa18d9cb0836040234ea887eed4a/zeroconf-0.149.12-cp314-cp314-manylinux2014_armv7l.manylinux_2_17_armv7l.manylinux_2_31_armv7l.whl", hash = "sha256:89c1a5d68130c5ca06be398d136a8a5a61850161a1aeb0566bd06477024d0275", size = 1845223, upload-time = "2026-05-20T15:37:09.608Z" },
    { url = "https://files.pythonhosted.org/packages/5f/7a/fc827fdbd851499192c1590ddbbadd3c76f3dc7553ca1121725f71c08088/zeroconf-0.149.12-cp314-cp314-manylinux2014_x86_64.manylinux_2_17_x86_64.manylinux_2_28_x86_64.whl", hash = "sha256:e3c4446aac35d5acd867c6f6979432cf48232b0fed892d25c96201f9ccb7b920", size = 2171376, upload-time = "2026-05-20T15:37:12.277Z" },
    { url = "https://files.pythonhosted.org/packages/1a/02/a70d27b8f36732c15189e41e395f222458df4559c0ee722ceed3f218d6a7/zeroconf-0.149.12-cp314-cp314-manylinux_2_31_riscv64.manylinux_2_39_riscv64.whl", hash = "sha256:aadf030d444d5d98e218b0e40b497ed819ab9b2c3c46e9596d4a9eb75f97a697", size = 2105363, upload-time = "2026-05-20T15:37:14.291Z" },
    { url = "https://files.pythonhosted.org/packages/93/b0/acb4af0dbedb35bfd440002eadb62bd8033a374d04a80e00baf5387a80db/zeroconf-0.149.12-cp314-cp314-manylinux_2_41_x86_64.whl", hash = "sha256:8ae4e2bae59db5583b098db6d7ea99d24df36ae69055957874fee3bde0471578", size = 2167671, upload-time = "2026-05-20T15:09:05.894Z" },
    { url = "https://files.pythonhosted.org/packages/cd/5c/8a634b5298a1d52e0c88edfd82b59191e60d2d3ee0e5071f7fc4f37868e6/zeroconf-0.149.12-cp314-cp314-musllinux_1_2_aarch64.whl", hash = "sha256:7b945a778603e12ce7b9cfbd22ed3ccbac01b1471cb3e5abe022606823a2b423", size = 2117303, upload-time = "2026-05-20T15:37:16.201Z" },
    { url = "https://files.pythonhosted.org/packages/0b/b9/d8f1a467af4c9588d2ddd57500c3cae4271a04c3f2916a095573e1565815/zeroconf-0.149.12-cp314-cp314-musllinux_1_2_armv7l.whl", hash = "sha256:df8d9401b9afba168d9875cde276e48183fd6562789e2c874a87758a2d4aa0d7", size = 1925513, upload-time = "2026-05-20T15:37:18.099Z" },
    { url = "https://files.pythonhosted.org/packages/85/6f/cacbf85cb6430c4097181bd08bf3318bfe08c8b0b0201fa085cfb557487f/zeroconf-0.149.12-cp314-cp314-musllinux_1_2_riscv64.whl", hash = "sha256:201f5829946c690f68161f7abea7cf3e26702b586970661ad260ada4bd8d173b", size = 2116754, upload-time = "2026-05-20T15:37:20.385Z" },
    { url = "https://files.pythonhosted.org/packages/5f/6e/b1263f5a6c2e0eff2af22f52c6b1a02443d8cc443432a64ca96c66e7e7ee/zeroconf-0.149.12-cp314-cp314-musllinux_1_2_x86_64.whl", hash = "sha256:09ed5ec885290b44a1bd972407c2e52858a752446957350223a7a660099d6829", size = 2193986, upload-time = "2026-05-20T15:37:22.581Z" },
    { url = "https://files.pythonhosted.org/packages/a1/1c/f682211df4dfdb7798377c7a47dda11a44fab2434ec5349fb0b2a7d71d50/zeroconf-0.149.12-cp314-cp314-win32.whl", hash = "sha256:409597d8226ae0c65439bdcf1ed187f73fc6acb7bbd2faea59be6c77c0b09b60", size = 1293135, upload-time = "2026-05-20T15:37:24.726Z" },
    { url = "https://files.pythonhosted.org/packages/71/53/550514900025f824e5bece369b42053205e0065a08dd1210f143e40aab69/zeroconf-0.149.12-cp314-cp314-win_amd64.whl", hash = "sha256:36b60b3e401553b7aca567bb9f56f72df30ad54fc9cb03e1acf1976e387b044c", size = 1510426, upload-time = "2026-05-20T15:37:26.569Z" },
    { url = "https://files.pythonhosted.org/packages/ed/62/5a0bad6d80cce4e52c6cf90d52d8d5e93b79ccbb4fdd74972e4038b86a00/zeroconf-0.149.12-cp314-cp314t-macosx_11_0_arm64.whl", hash = "sha256:ab41f3535a44ef7a4f02a289c7aa5c5ea6abd27004cb398e0618407cf32db5e0", size = 3341024, upload-time = "2026-05-20T15:37:28.821Z" },
    { url = "https://files.pythonhosted.org/packages/3d/88/d5cb5f8d2735e6c3ca761e4e85bba9ce351f9a6d120f5ce6b1ffb4d872b7/zeroconf-0.149.12-cp314-cp314t-manylinux2014_aarch64.manylinux_2_17_aarch64.manylinux_2_28_aarch64.whl", hash = "sha256:fe9050592127615b64dccd7f328b8d3427cc1f4f78193f5f4eb2ddec880446a8", size = 3992168, upload-time = "2026-05-20T15:37:31.341Z" },
    { url = "https://files.pythonhosted.org/packages/49/c7/a43e8a6efa596417b2e1bf3cfebc105d791a8108b67b408822912852241b/zeroconf-0.149.12-cp314-cp314t-manylinux2014_armv7l.manylinux_2_17_armv7l.manylinux_2_31_armv7l.whl", hash = "sha256:2958b4bdb92b808678b6294168e0d9182bd2c10c8fda91c9603fb129bafb05d5", size = 3541621, upload-time = "2026-05-20T15:37:33.481Z" },
    { url = "https://files.pythonhosted.org/packages/b1/c5/9001da7e5c692b0d395b637f0fe933671b33b34da5f5549365f1ba8d3648/zeroconf-0.149.12-cp314-cp314t-manylinux2014_x86_64.manylinux_2_17_x86_64.manylinux_2_28_x86_64.whl", hash = "sha256:1d1f53b1506b1f5454b1c9e3f4b4c0bf2e4cc11d38ab129632bc441177ad346c", size = 4146350, upload-time = "2026-05-20T15:37:35.953Z" },
    { url = "https://files.pythonhosted.org/packages/38/1a/4fd8513885d5cf17b6442cdc49de2f1462a942ee69ff1ee5d3aeadfa530b/zeroconf-0.149.12-cp314-cp314t-manylinux_2_31_riscv64.manylinux_2_39_riscv64.whl", hash = "sha256:e95c68c0e629841d34c1313ae1636811acc475dd85915d407beda85e60ca3dd2", size = 4017737, upload-time = "2026-05-20T15:37:38.308Z" },
    { url = "https://files.pythonhosted.org/packages/28/07/5d79fec3a65c034ac34052faad191a6129678a3e8fc5450498168c31da0a/zeroconf-0.149.12-cp314-cp314t-musllinux_1_2_aarch64.whl", hash = "sha256:0d44d941f29102afb6d3120ac521fdf17d615a7fd945f2cf86280588e11d1491", size = 4057169, upload-time = "2026-05-20T15:37:40.787Z" },
    { url = "https://files.pythonhosted.org/packages/80/fd/2e50fbeea425ff2fd11ddd8e474008d23fe760871ec738a5872d39c70732/zeroconf-0.149.12-cp314-cp314t-musllinux_1_2_armv7l.whl", hash = "sha256:c2734fbf3db0c3e367c54238829286c18d3414c6ff897b3fcece769dfe44aefb", size = 3690808, upload-time = "2026-05-20T15:37:42.991Z" },
    { url = "https://files.pythonhosted.org/packages/64/13/88ac8614edf542c9eb83c86c77824b9219701e397f1c621486aeb5a6ffa3/zeroconf-0.149.12-cp314-cp314t-musllinux_1_2_riscv64.whl", hash = "sha256:5cfabcb49ac68bbfcf90f2b2f125e384bab07a1c557da577e50eb7e15719deaf", size = 4045010, upload-time = "2026-05-20T15:37:45.211Z" },
    { url = "https://files.pythonhosted.org/packages/e2/28/2037bb37880a9c7162d96d8f6f1ddfa11cdda38a380b65163f593202a43c/zeroconf-0.149.12-cp314-cp314t-musllinux_1_2_x86_64.whl", hash = "sha256:0385884c05df4790bdd185082e6030c1db7652fec5e77698b75f65dbed853f49", size = 4194821, upload-time = "2026-05-20T15:37:47.745Z" },
    { url = "https://files.pythonhosted.org/packages/ff/bf/a0a79855950adc14e5328699b4c88b94f3aa67296a15442f6aa06311cffe/zeroconf-0.149.12-cp314-cp314t-win32.whl", hash = "sha256:970eba0a6b4c2969fb68dc0b5ce78876ec3a842df3a10be59c2b1e4625a8e1f8", size = 2677756, upload-time = "2026-05-20T15:37:50.112Z" },
    { url = "https://files.pythonhosted.org/packages/f6/f1/fa1e84c9f8aa6c97f8a39ca30fefba31575c830843d9c77aae01d910c11f/zeroconf-0.149.12-cp314-cp314t-win_amd64.whl", hash = "sha256:a17aec8b6454928502a738c3ed82f6990442665d191ff60685bc3eb93bc00338", size = 3218217, upload-time = "2026-05-20T15:37:52.229Z" },
]
