version = 1
revision = 3
requires-python = ">=3.10"

[[package]]
name = "aiocoap"
version = "0.4.17"
source = { registry = "https://pypi.org/simple" }
sdist = { url = "https://files.pythonhosted.org/packages/1d/7c/10483df04d7910e21d55d47ab7c014fb02644b5b58ba741161360f8e9e8d/aiocoap-0.4.17.tar.gz", hash = "sha256:464c8d2b85ec1ef435dabeaa3fb6c8256b40fadfe6ce4ca83b93acb8d555f436", size = 313536, upload-time = "2025-11-05T01:25:36.641Z" }
wheels = [
    { url = "https://files.pythonhosted.org/packages/6c/43/aa24717e6a12dd00e0a9bee405ef8d3b9643edac23876e949f23f46b55ff/aiocoap-0.4.17-py3-none-any.whl", hash = "sha256:9f8f5f09e8f2666b635d7f9c45db5d1d0e38d41479b2d83878678a9cdb5a8f3c", size = 247391, upload-time = "2025-11-05T01:25:34.704Z" },
]

[[package]]
name = "aiofiles"
version = "25.1.0"
source = { registry = "https://pypi.org/simple" }
sdist = { url = "https://files.pythonhosted.org/packages/41/c3/534eac40372d8ee36ef40df62ec129bee4fdb5ad9706e58a29be53b2c970/aiofiles-25.1.0.tar.gz", hash = "sha256:a8d728f0a29de45dc521f18f07297428d56992a742f0cd2701ba86e44d23d5b2", size = 46354, upload-time = "2025-10-09T20:51:04.358Z" }
wheels = [
    { url = "https://files.pythonhosted.org/packages/bc/8a/340a1555ae33d7354dbca4faa54948d76d89a27ceef032c8c3bc661d003e/aiofiles-25.1.0-py3-none-any.whl", hash = "sha256:abe311e527c862958650f9438e859c1fa7568a141b22abcd015e120e86a85695", size = 14668, upload-time = "2025-10-09T20:51:03.174Z" },
]

[[package]]
name = "borneoiot"
version = "0.4.14"
source = { editable = "." }
dependencies = [
    { name = "aiocoap" },
    { name = "aiofiles" },
    { name = "cbor2" },
    { name = "typing-extensions" },
    { name = "zeroconf" },
]

[package.metadata]
requires-dist = [
    { name = "aiocoap", specifier = ">=0.4.12" },
    { name = "aiofiles" },
    { name = "cbor2", specifier = ">=5.9.0" },
    { name = "typing-extensions", specifier = ">=4.3.0" },
    { name = "zeroconf", specifier = "==0.149.7" },
]

[[package]]
name = "cbor2"
version = "6.0.1"
source = { registry = "https://pypi.org/simple" }
sdist = { url = "https://files.pythonhosted.org/packages/3e/fe/5d7f37d51ec21cccf9ae14a42a674907b8385779e639482f83c6eff1bcee/cbor2-6.0.1.tar.gz", hash = "sha256:46a745c296ec336fe83fa7905b77b4faa243eb32bb84fab1cfdb0e4636d1985b", size = 84191, upload-time = "2026-04-28T21:23:37.629Z" }
wheels = [
    { url = "https://files.pythonhosted.org/packages/a3/2e/80711ed51bc703d91650bf0bb01d0901a136df1bd46f6c5acce757f45628/cbor2-6.0.1-cp310-cp310-macosx_11_0_arm64.whl", hash = "sha256:e08983e898c9ed663d896bd3c9b70b79d220976b077ee6407614ad8bb742a9c5", size = 401847, upload-time = "2026-04-28T21:22:31.221Z" },
    { url = "https://files.pythonhosted.org/packages/07/5d/1ee9433098a282457dcb4342c3de1493a195b0f155493bd0e3c58bdd856f/cbor2-6.0.1-cp310-cp310-manylinux_2_28_aarch64.whl", hash = "sha256:68448f04972484cd6edb50a816198ed3a7ccc1cbbcceab90e4e6ac04abc68a84", size = 448992, upload-time = "2026-04-28T21:22:33.043Z" },
    { url = "https://files.pythonhosted.org/packages/4f/98/696741927f550c39d749c01f2b326d936f7d4b625049e9bd447d0737b836/cbor2-6.0.1-cp310-cp310-manylinux_2_28_x86_64.whl", hash = "sha256:0c019daa823c46edf111aea7e600cc4de5825695c0088b35bb1388bd2ea9734b", size = 459109, upload-time = "2026-04-28T21:22:34.754Z" },
    { url = "https://files.pythonhosted.org/packages/1f/99/2521f3180695e239c904dfe153987cdf51faeacf59d88845d653223b99ce/cbor2-6.0.1-cp310-cp310-musllinux_1_2_aarch64.whl", hash = "sha256:5edd913cfe8e3e25b2c9fff5fb3f519222212f751fc3cf7e4ef492146115c50e", size = 515180, upload-time = "2026-04-28T21:22:36.653Z" },
    { url = "https://files.pythonhosted.org/packages/03/ab/f460a518d0a5634100a9eace551b2f345bbfb322d238f89bdf43c5316ca5/cbor2-6.0.1-cp310-cp310-musllinux_1_2_x86_64.whl", hash = "sha256:3969d41449a42887a716a5b3ab3335fc6a9c67cb2e95164d0fd126641a1e96e6", size = 525486, upload-time = "2026-04-28T21:22:38.379Z" },
    { url = "https://files.pythonhosted.org/packages/b3/53/8723adacead95b4428fab81bd1d629e260129301eb1d0f82358c52560caa/cbor2-6.0.1-cp310-cp310-win_amd64.whl", hash = "sha256:16c6f9852630f687fbf3fe0565218844d92fd2a0bcad9babf041d8881d2022a1", size = 288714, upload-time = "2026-04-28T21:22:39.674Z" },
    { url = "https://files.pythonhosted.org/packages/5d/ce/522865bde8831819f28763f995b39fe67289ef99486c6254917e10304b67/cbor2-6.0.1-cp310-cp310-win_arm64.whl", hash = "sha256:6e06ce3f551979fbd3632df0f2062674f8aadc4231e84041f02f6e7155f149a9", size = 281087, upload-time = "2026-04-28T21:22:41.045Z" },
    { url = "https://files.pythonhosted.org/packages/32/7d/b2f9cd0c27bce0415a7dec71d0073e29b8e3f5bf45ea25f6874392c24add/cbor2-6.0.1-cp311-cp311-macosx_11_0_arm64.whl", hash = "sha256:4d8dba16aa67ca13aa85849c5cbe4a88a353d6ed28ca8c11afc2ad9bc96b7ea7", size = 401782, upload-time = "2026-04-28T21:22:42.383Z" },
    { url = "https://files.pythonhosted.org/packages/f2/24/0d42399c25cdf9310f7a980c52a178dcc4cc4cc2786d435601396875ed3a/cbor2-6.0.1-cp311-cp311-manylinux_2_28_aarch64.whl", hash = "sha256:3dfe0bf4dbd0e522d0446c5e544b5e43fcb23115996f556b7d02092fc07bb0a1", size = 447870, upload-time = "2026-04-28T21:22:43.886Z" },
    { url = "https://files.pythonhosted.org/packages/1f/66/fbbdf6924848f2c31632e6801c0b109216bacbc278ebb11c21ad4b312336/cbor2-6.0.1-cp311-cp311-manylinux_2_28_x86_64.whl", hash = "sha256:873ac665a1e8b3b9baa7d9384221917c828e8c72f670b2df887ed4a627367842", size = 458778, upload-time = "2026-04-28T21:22:45.582Z" },
    { url = "https://files.pythonhosted.org/packages/ce/79/183adadb623f88dd017caab8252a0750be97a0073d7ca3020101a315e636/cbor2-6.0.1-cp311-cp311-musllinux_1_2_aarch64.whl", hash = "sha256:36519c11fda756c466b70082ff912708e9c6a6f8d0858983935f287654c1e75a", size = 514018, upload-time = "2026-04-28T21:22:47.334Z" },
    { url = "https://files.pythonhosted.org/packages/37/47/9a3f2413100a68ec10416739bad2075e72f58e31c0ee51f59318cb86941b/cbor2-6.0.1-cp311-cp311-musllinux_1_2_x86_64.whl", hash = "sha256:d4659353f9ae454b1d2a3130f2690232c7bdb68f3d144558c4d8e0b5eb53691f", size = 525481, upload-time = "2026-04-28T21:22:48.95Z" },
    { url = "https://files.pythonhosted.org/packages/a8/e5/004946ebd82db48fc72cb18a0eea2f720de97dd3f5c7e87a5f2f716f1ed4/cbor2-6.0.1-cp311-cp311-win_amd64.whl", hash = "sha256:ce23169d812f37636dbf92af67460a4eee5c340c4b838b883e307ac1cde9f67e", size = 288765, upload-time = "2026-04-28T21:22:50.679Z" },
    { url = "https://files.pythonhosted.org/packages/58/48/f4a9250e17341341d6014cb45e9f5f01990fec00ebf32fd743c48dd99680/cbor2-6.0.1-cp311-cp311-win_arm64.whl", hash = "sha256:b7958d97f6d8646a336f035cfa7da74eccef4ce4295ae948e2f0f50210c2e8ee", size = 280895, upload-time = "2026-04-28T21:22:52.514Z" },
    { url = "https://files.pythonhosted.org/packages/ff/06/9bdbdf550f5bddb103efd0fa57023e73ec2339c8e1269a77191a5c5897d0/cbor2-6.0.1-cp312-cp312-macosx_11_0_arm64.whl", hash = "sha256:778746168f80403dcb5e0e85a16076967652aef74bf2d13f53ce3d150e9b8be7", size = 401250, upload-time = "2026-04-28T21:22:53.838Z" },
    { url = "https://files.pythonhosted.org/packages/fd/0b/8c2b44c7513c58f96a2ef9fed97e504f965ed5cc922f08c1edfe9a0aa808/cbor2-6.0.1-cp312-cp312-manylinux_2_28_aarch64.whl", hash = "sha256:82802f05ae595cfe451ab6a15948b20445a411fb83ef8568591577f6b91313aa", size = 445322, upload-time = "2026-04-28T21:22:55.537Z" },
    { url = "https://files.pythonhosted.org/packages/f9/6c/2c1d9a26bac69b9c97530e342a49c2d8a2fc0aa9e253c5645f074afa17d6/cbor2-6.0.1-cp312-cp312-manylinux_2_28_x86_64.whl", hash = "sha256:65f0dc88cbd2cc252c31212b0bac3d10ae8e94db5e476a662022593cdd3cc56a", size = 456460, upload-time = "2026-04-28T21:22:57.021Z" },
    { url = "https://files.pythonhosted.org/packages/19/c1/feacc2e1278ef708787d61c5e670288353e68dc3a023246d57764e03f373/cbor2-6.0.1-cp312-cp312-musllinux_1_2_aarch64.whl", hash = "sha256:10f0376763ce8913c1a5b9f21c51ca55848ed16795bd2b80860d56ed944374ab", size = 511095, upload-time = "2026-04-28T21:22:59.58Z" },
    { url = "https://files.pythonhosted.org/packages/2b/2e/8c4b5d9d53ca3750ce19878e40be3a7628d7e6e4fb303456ed7c3fc03155/cbor2-6.0.1-cp312-cp312-musllinux_1_2_x86_64.whl", hash = "sha256:83d2b27908f8697041cee46af54ab684e9dd6e9710d70d31dc50e89cc908433d", size = 524005, upload-time = "2026-04-28T21:23:01.284Z" },
    { url = "https://files.pythonhosted.org/packages/e3/36/786ec690daad8d8574a2bf94e6532e39936bbad1d576f2225102298084d1/cbor2-6.0.1-cp312-cp312-win_amd64.whl", hash = "sha256:4d324878156075778da61f9d4a09e6c4306493964f24f8fd92b43d97e99eac10", size = 288302, upload-time = "2026-04-28T21:23:03.081Z" },
    { url = "https://files.pythonhosted.org/packages/97/64/757b3cede871c52af6e26d713546048953d66db60c8840e5a2434a412e70/cbor2-6.0.1-cp312-cp312-win_arm64.whl", hash = "sha256:3e8eaee64cd09d67a413e1fc758750e9e9c15cdb677a725163da834b981552ec", size = 277907, upload-time = "2026-04-28T21:23:04.518Z" },
    { url = "https://files.pythonhosted.org/packages/08/ee/d11300317773bc8e85e23f59fc71c732ba1176d059341588318cab81f501/cbor2-6.0.1-cp313-cp313-macosx_11_0_arm64.whl", hash = "sha256:067d23ac75bfa35bed0e795169139259dc9d9bae503c8ede29740f99b37415f3", size = 400366, upload-time = "2026-04-28T21:23:06.234Z" },
    { url = "https://files.pythonhosted.org/packages/fb/be/0bc836d8259333277fc532d13197238b7c097e83c8ee3df13e8c5e418ec1/cbor2-6.0.1-cp313-cp313-manylinux_2_28_aarch64.whl", hash = "sha256:5df6d0cd72c62dfb300facd6ccb982214fe3376b69f393d0d271e4436fd7b624", size = 444682, upload-time = "2026-04-28T21:23:07.494Z" },
    { url = "https://files.pythonhosted.org/packages/8f/d0/3ffca18a38f0d8b6b1a6649d1245b876f5cf4cf9be3f5b2d19717b227af8/cbor2-6.0.1-cp313-cp313-manylinux_2_28_x86_64.whl", hash = "sha256:50ebae27b72061c8baf3cd8458c3eb2de7c112d0be77af24e8c4206a2b0e7b61", size = 454983, upload-time = "2026-04-28T21:23:09.115Z" },
    { url = "https://files.pythonhosted.org/packages/73/95/bc054345ef594a6ac92398a453f5e4ec7f45faaf6f18aff61d06fc9bc0c6/cbor2-6.0.1-cp313-cp313-musllinux_1_2_aarch64.whl", hash = "sha256:c1cfab10d65989cd79c203a00b5460feb6f34c519714779a77ccfb772704ff4b", size = 510410, upload-time = "2026-04-28T21:23:10.96Z" },
    { url = "https://files.pythonhosted.org/packages/13/27/47bfc56a269d83713f69166dcadfba6890ff87cdae787c11bcd924d369f8/cbor2-6.0.1-cp313-cp313-musllinux_1_2_x86_64.whl", hash = "sha256:df1e47d7dfb335ee82cd6593db111e6ca12d2c370a08a94d3622b4c08fda3b69", size = 522764, upload-time = "2026-04-28T21:23:12.376Z" },
    { url = "https://files.pythonhosted.org/packages/9f/3e/c86f51bc78c211bcf685485a8c888713d714ebd64192435a45b68bef2b0b/cbor2-6.0.1-cp313-cp313-win_amd64.whl", hash = "sha256:897f6fe58d1522608b6b71a7aa964f31c40deed5fff2d00511233bacb396dded", size = 287646, upload-time = "2026-04-28T21:23:13.799Z" },
    { url = "https://files.pythonhosted.org/packages/97/e9/4670d40a86ae74b0afcb976e346d5429d745b6780a0407143346b4dab408/cbor2-6.0.1-cp313-cp313-win_arm64.whl", hash = "sha256:80765e22c387fb489102ed751f5706fc184c9cdb34257df3dab4d393564b00e6", size = 276903, upload-time = "2026-04-28T21:23:15.398Z" },
    { url = "https://files.pythonhosted.org/packages/d1/b6/bf11bd69c8cb4b909caa1e098f8d29aab62694a1126ecace29e57e63fc1d/cbor2-6.0.1-cp314-cp314-macosx_11_0_arm64.whl", hash = "sha256:67aa9514b08163de9c180d2a2bcf3f3a050d2a2ef9ca9bb8cc8b3a7bd4e6599d", size = 399070, upload-time = "2026-04-28T21:23:16.638Z" },
    { url = "https://files.pythonhosted.org/packages/66/16/84b689706815f45a702c90043260f3588b6c75c188e0a6d47ff8b0d98b4e/cbor2-6.0.1-cp314-cp314-manylinux_2_28_aarch64.whl", hash = "sha256:f173a5d6a686006c9edaeee5aab1356be2cba86c3af15b592e5cf8749831dcaf", size = 444127, upload-time = "2026-04-28T21:23:18.002Z" },
    { url = "https://files.pythonhosted.org/packages/f2/93/a7ff418ae1dc40ea06093550c5a6a7c20df602d4a75bd17f11b83c8344c3/cbor2-6.0.1-cp314-cp314-manylinux_2_28_x86_64.whl", hash = "sha256:1eedb7bda2a528149ff95345e383c2f97104800debc9ef6f0cd693b46b0df4ff", size = 454497, upload-time = "2026-04-28T21:23:20.04Z" },
    { url = "https://files.pythonhosted.org/packages/74/43/ea1c74b37b3ebb27567521e74f8c4d4dfdf30d65c0e26934a1717e5de4e0/cbor2-6.0.1-cp314-cp314-musllinux_1_2_aarch64.whl", hash = "sha256:ead214c6d4b4a6b20213c3a4a0e93a565acedbaa367f793cf5bf19936365fa46", size = 509875, upload-time = "2026-04-28T21:23:21.785Z" },
    { url = "https://files.pythonhosted.org/packages/09/f0/4e2b87da1819d420e8a5b90e1e5cba000e241468b1967e7c695647835236/cbor2-6.0.1-cp314-cp314-musllinux_1_2_x86_64.whl", hash = "sha256:d177965364ae29b7d8854a0d38f41e2aa3ef2a440a8fd28550413ea649715eb5", size = 521864, upload-time = "2026-04-28T21:23:23.047Z" },
    { url = "https://files.pythonhosted.org/packages/ed/a2/210c0adbf443cc09e05bb46ba74124a5cf61fac461d43dc83e23a2093e16/cbor2-6.0.1-cp314-cp314-win_amd64.whl", hash = "sha256:fd7f89d53aea0e7d12a08fc8366a5d7d532d7bdf253b042d1e4fd33398ca6f17", size = 295871, upload-time = "2026-04-28T21:23:24.497Z" },
    { url = "https://files.pythonhosted.org/packages/37/f4/409010a272ebb1ee7e7ddf4543b4d84d89dcf53c8d425db3c20dc2206e4c/cbor2-6.0.1-cp314-cp314-win_arm64.whl", hash = "sha256:6e8fca9f1860e81e7b78af9d5686380143a2474d6bf4dcae348219cd34013436", size = 286677, upload-time = "2026-04-28T21:23:25.933Z" },
    { url = "https://files.pythonhosted.org/packages/8f/3d/075bd398465bc9fce9a2ad45d4c146f0e9de927348ff2e44d814af4bc84a/cbor2-6.0.1-cp314-cp314t-macosx_11_0_arm64.whl", hash = "sha256:943e3824c51312f747b0b164fc4ae96c191eae40685e049b28c747158a8613d0", size = 394250, upload-time = "2026-04-28T21:23:27.648Z" },
    { url = "https://files.pythonhosted.org/packages/2a/3a/925f975f3dc2fd61cec1990e634a88ca041cb31dfde47d6d5a6df492fa4a/cbor2-6.0.1-cp314-cp314t-manylinux_2_28_aarch64.whl", hash = "sha256:f390b24279229499c93f2ba40031fb9dd03cd2fc0d1ae757116013398bb25bc4", size = 436871, upload-time = "2026-04-28T21:23:29.242Z" },
    { url = "https://files.pythonhosted.org/packages/34/19/4348be4671dd286a10adc1b5182210ddbb2087ed7cb619cf11515bc37721/cbor2-6.0.1-cp314-cp314t-manylinux_2_28_x86_64.whl", hash = "sha256:b8a3cf4a95b219eb10d72e31b6919f47a4928506ae95001e4384531bec5f787d", size = 449349, upload-time = "2026-04-28T21:23:30.66Z" },
    { url = "https://files.pythonhosted.org/packages/c7/0a/3398bfe315162f5871abb4fe8662f4906b963514dc1f2a0e5ddf5579705f/cbor2-6.0.1-cp314-cp314t-musllinux_1_2_aarch64.whl", hash = "sha256:77cf35c614be31c5e8be761328b57ef6aaf43a78301e7df10faa7a8c626d6910", size = 502398, upload-time = "2026-04-28T21:23:31.951Z" },
    { url = "https://files.pythonhosted.org/packages/3a/5d/a61bd7d1bb2df1988bd044352bddaa2cea5cf04a92176e957a7388872d04/cbor2-6.0.1-cp314-cp314t-musllinux_1_2_x86_64.whl", hash = "sha256:7d936d14307311d0284f7d448fab47a4d1e279305005ffa733411eb81e0b7d81", size = 516987, upload-time = "2026-04-28T21:23:33.311Z" },
    { url = "https://files.pythonhosted.org/packages/68/74/77c634d2b8aa3b0c10dd2edc28c4daf4d19b3ee7da3aa3f558397aaf4e38/cbor2-6.0.1-cp314-cp314t-win_amd64.whl", hash = "sha256:a4413d99d398858603be036016b59d21c1e6c3a4bb9d12fb9ccf4f8509afde05", size = 290210, upload-time = "2026-04-28T21:23:34.843Z" },
    { url = "https://files.pythonhosted.org/packages/e9/3a/347c49eb0c959a4342132de8b141af27733ddc873fdc84a17354cdb8bdab/cbor2-6.0.1-cp314-cp314t-win_arm64.whl", hash = "sha256:c6fcf7f406a5e5cda5e993d4dbd064b0cb22e84c9800966e2358a9172b3d4684", size = 278801, upload-time = "2026-04-28T21:23:36.35Z" },
]

[[package]]
name = "ifaddr"
version = "0.2.0"
source = { registry = "https://pypi.org/simple" }
sdist = { url = "https://files.pythonhosted.org/packages/e8/ac/fb4c578f4a3256561548cd825646680edcadb9440f3f68add95ade1eb791/ifaddr-0.2.0.tar.gz", hash = "sha256:cc0cbfcaabf765d44595825fb96a99bb12c79716b73b44330ea38ee2b0c4aed4", size = 10485, upload-time = "2022-06-15T21:40:27.561Z" }
wheels = [
    { url = "https://files.pythonhosted.org/packages/9c/1f/19ebc343cc71a7ffa78f17018535adc5cbdd87afb31d7c34874680148b32/ifaddr-0.2.0-py3-none-any.whl", hash = "sha256:085e0305cfe6f16ab12d72e2024030f5d52674afad6911bb1eee207177b8a748", size = 12314, upload-time = "2022-06-15T21:40:25.756Z" },
]

[[package]]
name = "typing-extensions"
version = "4.15.0"
source = { registry = "https://pypi.org/simple" }
sdist = { url = "https://files.pythonhosted.org/packages/72/94/1a15dd82efb362ac84269196e94cf00f187f7ed21c242792a923cdb1c61f/typing_extensions-4.15.0.tar.gz", hash = "sha256:0cea48d173cc12fa28ecabc3b837ea3cf6f38c6d1136f85cbaaf598984861466", size = 109391, upload-time = "2025-08-25T13:49:26.313Z" }
wheels = [
    { url = "https://files.pythonhosted.org/packages/18/67/36e9267722cc04a6b9f15c7f3441c2363321a3ea07da7ae0c0707beb2a9c/typing_extensions-4.15.0-py3-none-any.whl", hash = "sha256:f0fa19c6845758ab08074a0cfa8b7aecb71c999ca73d62883bc25cc018c4e548", size = 44614, upload-time = "2025-08-25T13:49:24.86Z" },
]

[[package]]
name = "zeroconf"
version = "0.149.7"
source = { registry = "https://pypi.org/simple" }
dependencies = [
    { name = "ifaddr" },
]
sdist = { url = "https://files.pythonhosted.org/packages/28/7e/3874e2aacb2fc60487929c502580d2e6d45a774b72d24d38f9ed6ea7de80/zeroconf-0.149.7.tar.gz", hash = "sha256:9e123f0adb8292a037e18ab5e5bb353bdeda12989b3d432e222f494ec4dcd746", size = 180422, upload-time = "2026-05-18T05:00:41.863Z" }
wheels = [
    { url = "https://files.pythonhosted.org/packages/86/ca/6ea4d84d10e0fb2e63579a53575b0881da2feda5853105e6ea0c5cf287a5/zeroconf-0.149.7-cp310-cp310-macosx_11_0_arm64.whl", hash = "sha256:7ec58822e958218d446a931fc55d7fd0f41f704c49684aa6d8cca4618478e1e1", size = 1658625, upload-time = "2026-05-18T05:38:27.407Z" },
    { url = "https://files.pythonhosted.org/packages/7e/2e/b241e13488c74903910788a0975ab5125f18e9cd06d20c13a2e179e1fd6b/zeroconf-0.149.7-cp310-cp310-manylinux2014_aarch64.manylinux_2_17_aarch64.manylinux_2_28_aarch64.whl", hash = "sha256:9f60145e6abd70ee601545a6a8e5204c2c2a5819bc56b5a8190a1abf0f14c217", size = 2134877, upload-time = "2026-05-18T05:38:30.703Z" },
    { url = "https://files.pythonhosted.org/packages/8b/ca/d1c223d884b7187607918bc8e117dc81423dce95fcbda5ecbea7fa24f53f/zeroconf-0.149.7-cp310-cp310-manylinux2014_armv7l.manylinux_2_17_armv7l.manylinux_2_31_armv7l.whl", hash = "sha256:ac38486cad29aa0ad31e852e6daa3a621fe09a84a0cf73f7b1728a1735dea492", size = 1910771, upload-time = "2026-05-18T05:38:33.159Z" },
    { url = "https://files.pythonhosted.org/packages/89/57/39246aee8cebd80699ef56365ec3420184ecc4749abf4627776d0f69d9de/zeroconf-0.149.7-cp310-cp310-manylinux2014_x86_64.manylinux_2_17_x86_64.manylinux_2_28_x86_64.whl", hash = "sha256:dc9d15b0c0f73a72147d7ba0f88d623fe4d985dca08837cf9defe6e6d2eb941a", size = 2219183, upload-time = "2026-05-18T05:38:34.942Z" },
    { url = "https://files.pythonhosted.org/packages/0a/b9/75d0b4677c810cf6c3814b1baf8423a7e9d0f9caa82b00f16433c331dac1/zeroconf-0.149.7-cp310-cp310-manylinux_2_31_riscv64.manylinux_2_39_riscv64.whl", hash = "sha256:8c14cbd03358ca55b7fc44ceed180bfebfe529e1d705dc8cf2ae0f1a56d1ff57", size = 2175513, upload-time = "2026-05-18T05:38:36.557Z" },
    { url = "https://files.pythonhosted.org/packages/4f/74/4a3e96b0dc9425a9f02a3dd7ca1cc9dbd0206ac1393967c5f2c877a04f38/zeroconf-0.149.7-cp310-cp310-musllinux_1_2_aarch64.whl", hash = "sha256:2c0861a91db22263921e952b4a597f776bdbb7503a49713f1fd3255236bce7f0", size = 2162256, upload-time = "2026-05-18T05:38:38.344Z" },
    { url = "https://files.pythonhosted.org/packages/b6/07/912afbf165c942e5f0c2d02239abe1ea2c59467c443342e4af73e4e7b380/zeroconf-0.149.7-cp310-cp310-musllinux_1_2_armv7l.whl", hash = "sha256:b1cd5736c3f7b8039cb5d2876dd3f48448b9dd3e7c6484cb2da870255ff0dfa3", size = 1967780, upload-time = "2026-05-18T05:38:39.868Z" },
    { url = "https://files.pythonhosted.org/packages/32/8f/b70d4bef62dca17e9df54e6207e3f93b3bdcc344aae1b86dfa62d124af83/zeroconf-0.149.7-cp310-cp310-musllinux_1_2_riscv64.whl", hash = "sha256:81cd17689e27a5ffd15304099e1e86cb571b19fd7d41918d214a07a203924662", size = 2181014, upload-time = "2026-05-18T05:38:42.977Z" },
    { url = "https://files.pythonhosted.org/packages/43/47/33cf60c98cfe395ab961a56ee31d9d8c8156f08795d607583a1a4290d60d/zeroconf-0.149.7-cp310-cp310-musllinux_1_2_x86_64.whl", hash = "sha256:da6e1e370f17603b609459c2f59b67e07285159345ff24a5c7d439e0a8cb3f5d", size = 2239657, upload-time = "2026-05-18T05:38:44.73Z" },
    { url = "https://files.pythonhosted.org/packages/d8/67/b59aaefa4ac8737e4226e87268b526947b40b0fdae3259476172204df40c/zeroconf-0.149.7-cp310-cp310-win32.whl", hash = "sha256:927482772afba17f3fa472048a4e675d937256b353e4b6f0a9e183fc16ac6815", size = 1267959, upload-time = "2026-05-18T05:38:46.447Z" },
    { url = "https://files.pythonhosted.org/packages/88/d1/5c827f2eb4a060a53f9a88b53b06d0a6fb1d2c52b43a2b39e9e44e9e1f59/zeroconf-0.149.7-cp310-cp310-win_amd64.whl", hash = "sha256:8e9d50836d49724284154bf57ed6db40cad861286dd7ee06afb506ce96e8a63d", size = 1470124, upload-time = "2026-05-18T05:38:48.884Z" },
    { url = "https://files.pythonhosted.org/packages/b4/6a/c9f9c88577de576a5a72a36fcc0f1ed24fd3a311f894fb47495ac5dd8a4c/zeroconf-0.149.7-cp311-cp311-macosx_11_0_arm64.whl", hash = "sha256:1c4b20144c08e5f35fff79a54d7d5ebd482f4205c0639a2abd46aedb8f71819e", size = 1654167, upload-time = "2026-05-18T05:38:51.588Z" },
    { url = "https://files.pythonhosted.org/packages/f4/39/a356a45cb04358f86b100b1bf52596b04435bfd12b6d8d5edff2014d67bb/zeroconf-0.149.7-cp311-cp311-manylinux2014_aarch64.manylinux_2_17_aarch64.manylinux_2_28_aarch64.whl", hash = "sha256:3be4b53766c9bb5b5bce44c209d22888a29b72e400b9ae6f8d9c25b3dc99e083", size = 2131605, upload-time = "2026-05-18T05:38:53.441Z" },
    { url = "https://files.pythonhosted.org/packages/be/5e/4227e92e1dc318014122bb0bec69ba22425a0ad9bbc6c429537642f83c50/zeroconf-0.149.7-cp311-cp311-manylinux2014_armv7l.manylinux_2_17_armv7l.manylinux_2_31_armv7l.whl", hash = "sha256:3065b6a9d1fd840b8cf7fffb6c0c3c7a67b57d05397af8e6cc225691203e0a66", size = 1903017, upload-time = "2026-05-18T05:38:55.262Z" },
    { url = "https://files.pythonhosted.org/packages/1b/2a/446bb91e531d087996cbdb15c76b9ee5f1bba30fdcfa3063df0dedc6886d/zeroconf-0.149.7-cp311-cp311-manylinux2014_x86_64.manylinux_2_17_x86_64.manylinux_2_28_x86_64.whl", hash = "sha256:29436168660cf8dc9e2eb914d44d1549b9b37a712315492eef64bcdfe7542962", size = 2212619, upload-time = "2026-05-18T05:38:57.119Z" },
    { url = "https://files.pythonhosted.org/packages/07/85/b9cd77f95529afe0fd36bc1033986b1443cd6e1dffeba249b8431a5844bb/zeroconf-0.149.7-cp311-cp311-manylinux_2_31_riscv64.manylinux_2_39_riscv64.whl", hash = "sha256:f4b374f55b1454d595b39c7c839d4e3b0222f8914a26a62cd9e70a3aad866857", size = 2171827, upload-time = "2026-05-18T05:38:59.048Z" },
    { url = "https://files.pythonhosted.org/packages/a2/81/fffb644c12f1cd2d7f10ca35a768c52b929e809bb2e90428e49575d26708/zeroconf-0.149.7-cp311-cp311-musllinux_1_2_aarch64.whl", hash = "sha256:a496cef251ac2b81dd2a257b0caa6616aab8e73d244db898cdf8bb39fcac5e3d", size = 2158331, upload-time = "2026-05-18T05:39:00.757Z" },
    { url = "https://files.pythonhosted.org/packages/75/4c/15a7e06f4331f16e192b31edd711a14de7f4b3dd1990c69f1308ff37a107/zeroconf-0.149.7-cp311-cp311-musllinux_1_2_armv7l.whl", hash = "sha256:bf7a4a4e06f1a742865d4754215c4072ad7f414821a5dd4e0de110d91eaaefdd", size = 1955407, upload-time = "2026-05-18T05:39:03.1Z" },
    { url = "https://files.pythonhosted.org/packages/06/f2/733185ee679839c44f6b97431023ffad562d42d15906642bf93d58fb8f1b/zeroconf-0.149.7-cp311-cp311-musllinux_1_2_riscv64.whl", hash = "sha256:9756b977c32043bcfae24ca12dbdc2bf914eb744ecdcdd725b69fcf223624b2c", size = 2176488, upload-time = "2026-05-18T05:39:05.751Z" },
    { url = "https://files.pythonhosted.org/packages/f5/77/e36a6a02a6ae8176a1fa2a25c47ea1142c93d7aca7884ee4292e9e2eb300/zeroconf-0.149.7-cp311-cp311-musllinux_1_2_x86_64.whl", hash = "sha256:3f9e52b2181d525a5097ff58ae0fde65b70dc2046a1391c793e43597b37953e6", size = 2234458, upload-time = "2026-05-18T05:39:09.348Z" },
    { url = "https://files.pythonhosted.org/packages/89/65/99ddd4b6060dcdeeb2c7d807842b7d26420c4c5704491e474c468722e636/zeroconf-0.149.7-cp311-cp311-win32.whl", hash = "sha256:6cc44062dd8b8cce64aeb24c90fe6e95648b6a098dc4c033a051a59786c2a7c3", size = 1259283, upload-time = "2026-05-18T05:39:11.82Z" },
    { url = "https://files.pythonhosted.org/packages/f5/f1/5eb71937729cbf7cb0642b99dab73f482d2a80d44b7af25fa9ce49135693/zeroconf-0.149.7-cp311-cp311-win_amd64.whl", hash = "sha256:97e4524562a732190552ba6d3f89bace17c93100e5192133a7003b6f9e71c412", size = 1471937, upload-time = "2026-05-18T05:39:13.727Z" },
    { url = "https://files.pythonhosted.org/packages/12/f3/43f042c526bb8c0fd6dc78db0283b5711d671d491c09858af92ee2ee419e/zeroconf-0.149.7-cp312-cp312-macosx_11_0_arm64.whl", hash = "sha256:56f4a0179307d9732c84f587b9fd36744c62060bb17f24ada89f6fc6c35ecf63", size = 1658020, upload-time = "2026-05-18T05:39:15.636Z" },
    { url = "https://files.pythonhosted.org/packages/77/b0/f7b1aa7cf811ce289389ae3d47ee8e48ac3c19c07db8bffa1933db10a1d8/zeroconf-0.149.7-cp312-cp312-manylinux2014_aarch64.manylinux_2_17_aarch64.manylinux_2_28_aarch64.whl", hash = "sha256:62ec1c6e98319cc7d0b528657c0245bfb5c096be42e817e2ea8339d12a862578", size = 2055603, upload-time = "2026-05-18T05:39:17.496Z" },
    { url = "https://files.pythonhosted.org/packages/93/58/731a6ebfb04568c370bb28e201b5dd18291555e164592d804baaf73d95f5/zeroconf-0.149.7-cp312-cp312-manylinux2014_armv7l.manylinux_2_17_armv7l.manylinux_2_31_armv7l.whl", hash = "sha256:c07c35e53c7ecf81f23db4a27f9ec9cbd41580e5739baa467819c54980ffddac", size = 1858771, upload-time = "2026-05-18T05:39:19.866Z" },
    { url = "https://files.pythonhosted.org/packages/9e/34/ebc71f804ac185feec46d78760104c553a3cd313b3edb79864917112e8e2/zeroconf-0.149.7-cp312-cp312-manylinux2014_x86_64.manylinux_2_17_x86_64.manylinux_2_28_x86_64.whl", hash = "sha256:a93c8ffbcdbfb02471afdfcb30079dac0f67a837caad41a93221ca0f0d7eb8cd", size = 2151224, upload-time = "2026-05-18T05:39:21.734Z" },
    { url = "https://files.pythonhosted.org/packages/16/f6/737f8d76fb9c3feea342d15311dff3489e6344974a4909064a9f506eb50b/zeroconf-0.149.7-cp312-cp312-manylinux_2_31_riscv64.manylinux_2_39_riscv64.whl", hash = "sha256:2154338d2fc1e5bd6ac2b768ee7192213f38bfea64e999f93932263215304ebd", size = 2085660, upload-time = "2026-05-18T05:39:25.043Z" },
    { url = "https://files.pythonhosted.org/packages/bf/ab/f5ad00bb3bb092135178ef6143e1897f8301eed1aa379e8545c3d00f57a8/zeroconf-0.149.7-cp312-cp312-musllinux_1_2_aarch64.whl", hash = "sha256:ab3e91054636422a4ef6c69e72c17842be002e991e4feb08017a20e39a6c3879", size = 2078870, upload-time = "2026-05-18T05:39:26.912Z" },
    { url = "https://files.pythonhosted.org/packages/e6/ba/2496742004f6a1fbdfe60e847a93b5a90ce1f9f21b082c3cab9a4950dfb9/zeroconf-0.149.7-cp312-cp312-musllinux_1_2_armv7l.whl", hash = "sha256:26ff1cd73a0d4f0946dd4b1f927325892a9d7c2724e899057b006f9ef142ec47", size = 1944385, upload-time = "2026-05-18T05:39:28.924Z" },
    { url = "https://files.pythonhosted.org/packages/71/55/27b3d350f26b753a219870bc4766545d82dd4c50fcda6a9fbae38ff57a4f/zeroconf-0.149.7-cp312-cp312-musllinux_1_2_riscv64.whl", hash = "sha256:c13904b80f75c40f3c87eb2a0ed0b08c04608ef96f73a44042fbe257b027f603", size = 2090790, upload-time = "2026-05-18T05:39:30.845Z" },
    { url = "https://files.pythonhosted.org/packages/07/4e/1597af71487d8ff76aef3e6a66d2ed814526aadbe400abf62d6d807b9f34/zeroconf-0.149.7-cp312-cp312-musllinux_1_2_x86_64.whl", hash = "sha256:39b02120c85da950b7823ef705848b2b63c755b791c872ce8997d7d032866e57", size = 2172687, upload-time = "2026-05-18T05:39:33.358Z" },
    { url = "https://files.pythonhosted.org/packages/7c/9c/c9b3682048f8ee69b43888c8d6187e7c257b5bb97dc920b9ccace6ce444f/zeroconf-0.149.7-cp312-cp312-win32.whl", hash = "sha256:0e996b25039b3fb97374edcc07ae2d7c75ec5e3efda4e37be26dff422a34c97b", size = 1253154, upload-time = "2026-05-18T05:39:35.89Z" },
    { url = "https://files.pythonhosted.org/packages/f1/29/3b303fce6b0b13b456ae5a1eaae41ea285e3e2b0aad7ec25c253e6eb3348/zeroconf-0.149.7-cp312-cp312-win_amd64.whl", hash = "sha256:5f73787d84838bd0acb4159e40957201cdbdc0fb5ea0e577d7127a407e8184bd", size = 1470297, upload-time = "2026-05-18T05:39:38.265Z" },
    { url = "https://files.pythonhosted.org/packages/5c/44/e4b1a0d5df977611ba60be46c575c491adfc608241a498eed1487293299e/zeroconf-0.149.7-cp313-cp313-macosx_11_0_arm64.whl", hash = "sha256:60ef866b39405a8c0dd8535221afa5a0911f543dadb8e23b46dc442ba7e2963b", size = 1644662, upload-time = "2026-05-18T05:39:40.137Z" },
    { url = "https://files.pythonhosted.org/packages/c4/27/0eccf2b090f6a099c1f0c495de5fc453eb4ad460852ad92e4f2759f1b6df/zeroconf-0.149.7-cp313-cp313-manylinux2014_aarch64.manylinux_2_17_aarch64.manylinux_2_28_aarch64.whl", hash = "sha256:5b59c4b5cde922205a4bc16fd294b3b63d1fb590312d9e11f13533d41113a560", size = 2049734, upload-time = "2026-05-18T05:39:42.106Z" },
    { url = "https://files.pythonhosted.org/packages/de/8d/b95c82b9152c4c1b35730c0f032252ef58c06c030569622c2a8ff3c31ab7/zeroconf-0.149.7-cp313-cp313-manylinux2014_armv7l.manylinux_2_17_armv7l.manylinux_2_31_armv7l.whl", hash = "sha256:8357d686cc872ba22af0464c7425555c07f06e86cbef850247234dc2aa8d90d6", size = 1856537, upload-time = "2026-05-18T05:39:44.105Z" },
    { url = "https://files.pythonhosted.org/packages/42/7f/a35fe0f81d2f095fb97f4ccb6701955eed8c57be363df66a5fd48c4979da/zeroconf-0.149.7-cp313-cp313-manylinux2014_x86_64.manylinux_2_17_x86_64.manylinux_2_28_x86_64.whl", hash = "sha256:ec086692614e4ecfa5672b2ab31666f62923b1d27fee4963f3dba79ccac81f61", size = 2147049, upload-time = "2026-05-18T05:39:46.045Z" },
    { url = "https://files.pythonhosted.org/packages/0d/e2/92aeb9484bd682e508b39ab2b55cd8b6344c2a4b990e1802b4ed13c8e079/zeroconf-0.149.7-cp313-cp313-manylinux_2_31_riscv64.manylinux_2_39_riscv64.whl", hash = "sha256:745ab61c88bb79f414a22a885667d5c2d05b36f7ad9b8cf56e38f82d6ddc5aa7", size = 2082504, upload-time = "2026-05-18T05:39:48.028Z" },
    { url = "https://files.pythonhosted.org/packages/d6/98/eabb115eb5b7da0775633f4b3f817ef5ea0ef4a85d493a273a7dafa6d4b6/zeroconf-0.149.7-cp313-cp313-musllinux_1_2_aarch64.whl", hash = "sha256:5bd28071ac50f7aa2d81efa68105554e7227a98aa2f003ed3bee737123b4bf3a", size = 2077900, upload-time = "2026-05-18T05:39:49.891Z" },
    { url = "https://files.pythonhosted.org/packages/28/6c/9719c0f8bd8840b862ae8ead6368fe5f330e658c11cf62a6c3d1e932d495/zeroconf-0.149.7-cp313-cp313-musllinux_1_2_armv7l.whl", hash = "sha256:628332aaf1544ba1a20de5379ee16df3ed39fd4125207903eb7b91e4ab3a119a", size = 1941417, upload-time = "2026-05-18T05:39:52.458Z" },
    { url = "https://files.pythonhosted.org/packages/a3/df/39098ae90a3f584970ba2d2c1fcc03e599333147b6888fc4184c0d610665/zeroconf-0.149.7-cp313-cp313-musllinux_1_2_riscv64.whl", hash = "sha256:10ae163b0882816c82ca731b0abbf86c20655f2c1161a7e8eeeedf7cbfa22082", size = 2095199, upload-time = "2026-05-18T05:39:54.419Z" },
    { url = "https://files.pythonhosted.org/packages/69/0d/f3227dacf6dbd486611c2510f782f8cd8c8feaf1ecad5566beb929c04b88/zeroconf-0.149.7-cp313-cp313-musllinux_1_2_x86_64.whl", hash = "sha256:10b5b8342f71061678398a957a6e7ff75b4f6de2ad4a50d1eb52ae871b30e20f", size = 2170462, upload-time = "2026-05-18T05:39:56.358Z" },
    { url = "https://files.pythonhosted.org/packages/5c/a9/7e2bc128d0dc6cc4e6de71df10c0ed56e21f04e0c0bef7f80f453f059228/zeroconf-0.149.7-cp313-cp313-win32.whl", hash = "sha256:3a1bacca3307a1dd61976893ac1add2968ed6f902df3b08dc9df7dafdd8afc45", size = 1252680, upload-time = "2026-05-18T05:39:58.16Z" },
    { url = "https://files.pythonhosted.org/packages/67/05/0e78a21e89fd6fee989caddc8238a0cd3aa9e168a92c0dbb664dc4b36043/zeroconf-0.149.7-cp313-cp313-win_amd64.whl", hash = "sha256:9ac3dce81e16cc322311b99fba22e2f96a8f36e20ceac20a5d5134060d002274", size = 1466718, upload-time = "2026-05-18T05:39:59.882Z" },
    { url = "https://files.pythonhosted.org/packages/78/63/131a3f4f8c6a117190421cb831f20dd418ae466308501059d5a6212072de/zeroconf-0.149.7-cp314-cp314-macosx_11_0_arm64.whl", hash = "sha256:c88ed61f14cac228e58c49b4d30ac3aec0cc34f2289a725c72527b64b6e87267", size = 1660981, upload-time = "2026-05-18T05:40:01.953Z" },
    { url = "https://files.pythonhosted.org/packages/97/22/9ebb9414772834c5ae56fdab86f2acaa465bebbf9355026c3c4b6c0d16c1/zeroconf-0.149.7-cp314-cp314-manylinux2014_aarch64.manylinux_2_17_aarch64.manylinux_2_28_aarch64.whl", hash = "sha256:59d20ad0ebf123902ffde29a7cdeb5a04029608c68b23cbe973c2738b7136791", size = 2073676, upload-time = "2026-05-18T05:40:03.856Z" },
    { url = "https://files.pythonhosted.org/packages/9b/2e/a8b930219fa9ff5196b7352098a4abebcaec631e101e9dc7f5e7951e42b2/zeroconf-0.149.7-cp314-cp314-manylinux2014_armv7l.manylinux_2_17_armv7l.manylinux_2_31_armv7l.whl", hash = "sha256:789598f4578ff8a82a3ca2205d20caee23e9a13835658a16c076ba69b2a4c058", size = 1834629, upload-time = "2026-05-18T05:40:06.82Z" },
    { url = "https://files.pythonhosted.org/packages/dc/0c/5853eb76d3a087f1b77c44f3fa8c4ac4fa95a0229d14930d9b183cea4a36/zeroconf-0.149.7-cp314-cp314-manylinux2014_x86_64.manylinux_2_17_x86_64.manylinux_2_28_x86_64.whl", hash = "sha256:5a82fb73b849c020319730f2cc659d7b9ed409af4ab4ce5a21c664320e097fe6", size = 2158618, upload-time = "2026-05-18T05:40:09.65Z" },
    { url = "https://files.pythonhosted.org/packages/19/c6/edb9f24bdc76dc6888e652bbfc48689b6d61bfa50425b3f757677e3e382a/zeroconf-0.149.7-cp314-cp314-manylinux_2_31_riscv64.manylinux_2_39_riscv64.whl", hash = "sha256:61e5426243dd7a1c23ba98625a53faefe2fe9d507211a9face07e5614436a3e8", size = 2092814, upload-time = "2026-05-18T05:40:11.569Z" },
    { url = "https://files.pythonhosted.org/packages/b5/ec/3a6824bb241ba5a0b14f1d683ffbb6eb5f5bd5d1f4f70dbf3185b19379c5/zeroconf-0.149.7-cp314-cp314-manylinux_2_41_x86_64.whl", hash = "sha256:06554f7653e3cb55e77d009cb466d5b54ee1f0973558d42e458f765c33c25e41", size = 2154782, upload-time = "2026-05-18T05:00:38.113Z" },
    { url = "https://files.pythonhosted.org/packages/29/39/72fb23e70155ceb8459427bb0837e0cb5c72f248d47dbf30cd8ea63eec97/zeroconf-0.149.7-cp314-cp314-musllinux_1_2_aarch64.whl", hash = "sha256:88466606e1efd5bfa6cb2320f56cb38a2b255a8da6d51e14e99f3f74fd6c13b9", size = 2104393, upload-time = "2026-05-18T05:40:13.672Z" },
    { url = "https://files.pythonhosted.org/packages/ed/e0/b5588dfbb91b0760ddaa97315d054c3b5a9f599c7c916656c4de71783334/zeroconf-0.149.7-cp314-cp314-musllinux_1_2_armv7l.whl", hash = "sha256:b54f63a75909f584d6dc3b228d8a998cd5caf2fe56c5539ed5d76038ecbd8d76", size = 1912633, upload-time = "2026-05-18T05:40:15.761Z" },
    { url = "https://files.pythonhosted.org/packages/9d/f0/ae3c2a7c9a3c663a0f0667241fecae3696697220dfab96e9ab60151c1684/zeroconf-0.149.7-cp314-cp314-musllinux_1_2_riscv64.whl", hash = "sha256:9c7f5920eb8bc10752cf819d81b122c9d243bc8697cdfd3bfb77c089f6754daf", size = 2104598, upload-time = "2026-05-18T05:40:17.911Z" },
    { url = "https://files.pythonhosted.org/packages/f4/13/310cc033d8e77a43327cecf3e32ecafc2a305b98b79be8209f8bb90e7575/zeroconf-0.149.7-cp314-cp314-musllinux_1_2_x86_64.whl", hash = "sha256:d1bce528877caf138a8cd68449daf2a54f37a10fda2d785b924147f0f2035f8e", size = 2181140, upload-time = "2026-05-18T05:40:20.192Z" },
    { url = "https://files.pythonhosted.org/packages/00/a2/10a309a2401662f141e55cf1e79c7bbc3f528e98701439bc311f8d9454bb/zeroconf-0.149.7-cp314-cp314-win32.whl", hash = "sha256:423d9587e66750d1094c5361631930a9b7f9204dd267738883a8403b57ba1ade", size = 1284448, upload-time = "2026-05-18T05:40:22.884Z" },
    { url = "https://files.pythonhosted.org/packages/38/71/3bd93779f5a888f52a049fafce02a02921f16ae2b764da5f2bbd57031cd0/zeroconf-0.149.7-cp314-cp314-win_amd64.whl", hash = "sha256:f32b90c84b9e73693ce7bcb4ea3e7dd3bcab3fb04855e8ab4cae0df897855c3d", size = 1501532, upload-time = "2026-05-18T05:40:24.743Z" },
    { url = "https://files.pythonhosted.org/packages/a1/05/ddf87f181d43a27f8bdba014bdefe011567f34888f64be42d161e20717e6/zeroconf-0.149.7-cp314-cp314t-macosx_11_0_arm64.whl", hash = "sha256:aa9dba33e84cd8f49490e3c481a6cf0a3678e09bbb1a2da4be773162ec9da068", size = 3322977, upload-time = "2026-05-18T05:40:26.729Z" },
    { url = "https://files.pythonhosted.org/packages/25/62/65a5de3a4cf9a656015da93623b63a5b8eb40b8f87786c41e07dd0f30202/zeroconf-0.149.7-cp314-cp314t-manylinux2014_aarch64.manylinux_2_17_aarch64.manylinux_2_28_aarch64.whl", hash = "sha256:4d4887f613ed3838b4e1030bee66a78e876c7f71002db5aeaac202656a767e48", size = 3971783, upload-time = "2026-05-18T05:40:29.608Z" },
    { url = "https://files.pythonhosted.org/packages/b0/fb/babc60385a25a4a59876435ac56a531728588cc594e06a0ae8a105a24387/zeroconf-0.149.7-cp314-cp314t-manylinux2014_armv7l.manylinux_2_17_armv7l.manylinux_2_31_armv7l.whl", hash = "sha256:c53268e703c26473a794a0f8b7d8d9d407644a7dca359e0d7506edd23102b24f", size = 3523855, upload-time = "2026-05-18T05:40:31.662Z" },
    { url = "https://files.pythonhosted.org/packages/7e/f6/c1efd95f8d2e42a23ea520b5b46c42004b4d9100935c0c91c4586d39fb23/zeroconf-0.149.7-cp314-cp314t-manylinux2014_x86_64.manylinux_2_17_x86_64.manylinux_2_28_x86_64.whl", hash = "sha256:a9cf297dcd517e031ea3fb3716af6f5c1c122b3ccb7eae828b0e7e1490419ed2", size = 4125083, upload-time = "2026-05-18T05:40:34.4Z" },
    { url = "https://files.pythonhosted.org/packages/b4/0f/3cd83c121c18d6a001bb9059bfc8ef3ffbf29cbbb6cdf8be9c6d96ccf974/zeroconf-0.149.7-cp314-cp314t-manylinux_2_31_riscv64.manylinux_2_39_riscv64.whl", hash = "sha256:076b6450554b04b7193a38950f7c6b9b1c95f78494ab41cca33e2ae5441f19a5", size = 3995881, upload-time = "2026-05-18T05:40:37.203Z" },
    { url = "https://files.pythonhosted.org/packages/ff/d2/385e0b904339d664f007dd2ad6c632adea91b1f5246f362e112f9c0d435a/zeroconf-0.149.7-cp314-cp314t-musllinux_1_2_aarch64.whl", hash = "sha256:f5af3f5f5281a015a734ecc5dba9072ea8118198d80fb8784833fe6c34a323d3", size = 4035780, upload-time = "2026-05-18T05:40:39.313Z" },
    { url = "https://files.pythonhosted.org/packages/9c/43/3f70e224ddfcd16f47de940869f3ac41952118d2df1cbabfe3f29e3571ba/zeroconf-0.149.7-cp314-cp314t-musllinux_1_2_armv7l.whl", hash = "sha256:76343222f7dd9fc976bc99db127906ce855d3f00bd76ee7a49aae28297f55f62", size = 3668973, upload-time = "2026-05-18T05:42:52.596Z" },
    { url = "https://files.pythonhosted.org/packages/98/b8/0a85969264cd0458a3e7159413739429b3aa14bf19a1513b9ea2c7bec7ab/zeroconf-0.149.7-cp314-cp314t-musllinux_1_2_riscv64.whl", hash = "sha256:d3abb1222af2ebe3893afe22fcf3eefd97947f3d21be419910b2cc4ed9ffe5ff", size = 4023580, upload-time = "2026-05-18T05:42:55.296Z" },
    { url = "https://files.pythonhosted.org/packages/69/93/149160bb3cdf45fd285357e9c891aa851968dc048183a6a23f48fd47cf3c/zeroconf-0.149.7-cp314-cp314t-musllinux_1_2_x86_64.whl", hash = "sha256:28601baaface38c6747b6753b084b0d60111e9f05e32b0af204658341e5c3870", size = 4172931, upload-time = "2026-05-18T05:42:57.557Z" },
    { url = "https://files.pythonhosted.org/packages/73/38/210efb1e55ba601bc46ec1259b96e029e0cf2f38791ad2dea43067055045/zeroconf-0.149.7-cp314-cp314t-win32.whl", hash = "sha256:80d4c80899a28267da14d9af6ba89c61f2930f3d8dbd6c8eb0046396e44b6a2a", size = 2663836, upload-time = "2026-05-18T05:42:59.863Z" },
    { url = "https://files.pythonhosted.org/packages/a7/49/558e1b4e3d8f647a506409ed4bb674083f6a7985fa0a2402d7fd357fbc23/zeroconf-0.149.7-cp314-cp314t-win_amd64.whl", hash = "sha256:800f328d01cf0c7ebcb3018bfef2d2205059d9b292c07e1afa01958a8fdabc78", size = 3202062, upload-time = "2026-05-18T05:43:02.128Z" },
]
